// !$*UTF8*$!
{
	archiveVersion = 1;
	classes = {
	};
	objectVersion = 55;
	objects = {

/* Begin PBXBuildFile section */
		6EA2889727DE09C900E30CA2 /* FructusApp.swift in Sources */ = {isa = PBXBuildFile; fileRef = 6EA2889627DE09C900E30CA2 /* FructusApp.swift */; };
		6EA2889927DE09C900E30CA2 /* ContentView.swift in Sources */ = {isa = PBXBuildFile; fileRef = 6EA2889827DE09C900E30CA2 /* ContentView.swift */; };
		6EA2889B27DE09CB00E30CA2 /* Assets.xcassets in Resources */ = {isa = PBXBuildFile; fileRef = 6EA2889A27DE09CB00E30CA2 /* Assets.xcassets */; };
		6EA2889E27DE09CB00E30CA2 /* Preview Assets.xcassets in Resources */ = {isa = PBXBuildFile; fileRef = 6EA2889D27DE09CB00E30CA2 /* Preview Assets.xcassets */; };
		6EA288A727DE127100E30CA2 /* FruitCardView.swift in Sources */ = {isa = PBXBuildFile; fileRef = 6EA288A627DE127100E30CA2 /* FruitCardView.swift */; };
		6EA288A927DE54E300E30CA2 /* StartButtonView.swift in Sources */ = {isa = PBXBuildFile; fileRef = 6EA288A827DE54E300E30CA2 /* StartButtonView.swift */; };
		6EA288AB27DE6CFA00E30CA2 /* OnboardingView.swift in Sources */ = {isa = PBXBuildFile; fileRef = 6EA288AA27DE6CFA00E30CA2 /* OnboardingView.swift */; };
		6EA288AE27DE80E700E30CA2 /* FruitModel.swift in Sources */ = {isa = PBXBuildFile; fileRef = 6EA288AD27DE80E700E30CA2 /* FruitModel.swift */; };
		6EA288B327DE82B400E30CA2 /* FruitData.swift in Sources */ = {isa = PBXBuildFile; fileRef = 6EA288B227DE82B400E30CA2 /* FruitData.swift */; };
		6EA288B527DE88A900E30CA2 /* FruitRowView.swift in Sources */ = {isa = PBXBuildFile; fileRef = 6EA288B427DE88A900E30CA2 /* FruitRowView.swift */; };
		6EE7B35527E25CDD00E84B5C /* FruitDetailView.swift in Sources */ = {isa = PBXBuildFile; fileRef = 6EE7B35427E25CDD00E84B5C /* FruitDetailView.swift */; };
		6EE7B35727E2646200E84B5C /* FruitHeaderView.swift in Sources */ = {isa = PBXBuildFile; fileRef = 6EE7B35627E2646200E84B5C /* FruitHeaderView.swift */; };
		6EE7B35927E2695500E84B5C /* SourceLinkView.swift in Sources */ = {isa = PBXBuildFile; fileRef = 6EE7B35827E2695500E84B5C /* SourceLinkView.swift */; };
		6EE7B35B27E26F1100E84B5C /* FruitNutrientsView.swift in Sources */ = {isa = PBXBuildFile; fileRef = 6EE7B35A27E26F1100E84B5C /* FruitNutrientsView.swift */; };
/* End PBXBuildFile section */

/* Begin PBXFileReference section */
		6EA2889327DE09C900E30CA2 /* Fructus.app */ = {isa = PBXFileReference; explicitFileType = wrapper.application; includeInIndex = 0; path = Fructus.app; sourceTree = BUILT_PRODUCTS_DIR; };
		6EA2889627DE09C900E30CA2 /* FructusApp.swift */ = {isa = PBXFileReference; lastKnownFileType = sourcecode.swift; path = FructusApp.swift; sourceTree = "<group>"; };
		6EA2889827DE09C900E30CA2 /* ContentView.swift */ = {isa = PBXFileReference; lastKnownFileType = sourcecode.swift; path = ContentView.swift; sourceTree = "<group>"; };
		6EA2889A27DE09CB00E30CA2 /* Assets.xcassets */ = {isa = PBXFileReference; lastKnownFileType = folder.assetcatalog; path = Assets.xcassets; sourceTree = "<group>"; };
		6EA2889D27DE09CB00E30CA2 /* Preview Assets.xcassets */ = {isa = PBXFileReference; lastKnownFileType = folder.assetcatalog; path = "Preview Assets.xcassets"; sourceTree = "<group>"; };
		6EA288A627DE127100E30CA2 /* FruitCardView.swift */ = {isa = PBXFileReference; lastKnownFileType = sourcecode.swift; path = FruitCardView.swift; sourceTree = "<group>"; };
		6EA288A827DE54E300E30CA2 /* StartButtonView.swift */ = {isa = PBXFileReference; lastKnownFileType = sourcecode.swift; path = StartButtonView.swift; sourceTree = "<group>"; };
		6EA288AA27DE6CFA00E30CA2 /* OnboardingView.swift */ = {isa = PBXFileReference; lastKnownFileType = sourcecode.swift; path = OnboardingView.swift; sourceTree = "<group>"; };
		6EA288AD27DE80E700E30CA2 /* FruitModel.swift */ = {isa = PBXFileReference; lastKnownFileType = sourcecode.swift; path = FruitModel.swift; sourceTree = "<group>"; };
		6EA288B227DE82B400E30CA2 /* FruitData.swift */ = {isa = PBXFileReference; lastKnownFileType = sourcecode.swift; path = FruitData.swift; sourceTree = "<group>"; };
		6EA288B427DE88A900E30CA2 /* FruitRowView.swift */ = {isa = PBXFileReference; lastKnownFileType = sourcecode.swift; path = FruitRowView.swift; sourceTree = "<group>"; };
		6EE7B35427E25CDD00E84B5C /* FruitDetailView.swift */ = {isa = PBXFileReference; lastKnownFileType = sourcecode.swift; path = FruitDetailView.swift; sourceTree = "<group>"; };
		6EE7B35627E2646200E84B5C /* FruitHeaderView.swift */ = {isa = PBXFileReference; lastKnownFileType = sourcecode.swift; path = FruitHeaderView.swift; sourceTree = "<group>"; };
		6EE7B35827E2695500E84B5C /* SourceLinkView.swift */ = {isa = PBXFileReference; lastKnownFileType = sourcecode.swift; path = SourceLinkView.swift; sourceTree = "<group>"; };
		6EE7B35A27E26F1100E84B5C /* FruitNutrientsView.swift */ = {isa = PBXFileReference; lastKnownFileType = sourcecode.swift; path = FruitNutrientsView.swift; sourceTree = "<group>"; };
/* End PBXFileReference section */

/* Begin PBXFrameworksBuildPhase section */
		6EA2889027DE09C900E30CA2 /* Frameworks */ = {
			isa = PBXFrameworksBuildPhase;
			buildActionMask = 2147483647;
			files = (
			);
			runOnlyForDeploymentPostprocessing = 0;
		};
/* End PBXFrameworksBuildPhase section */

/* Begin PBXGroup section */
		6EA2888A27DE09C900E30CA2 = {
			isa = PBXGroup;
			children = (
				6EA2889527DE09C900E30CA2 /* Fructus */,
				6EA2889427DE09C900E30CA2 /* Products */,
			);
			sourceTree = "<group>";
		};
		6EA2889427DE09C900E30CA2 /* Products */ = {
			isa = PBXGroup;
			children = (
				6EA2889327DE09C900E30CA2 /* Fructus.app */,
			);
			name = Products;
			sourceTree = "<group>";
		};
		6EA2889527DE09C900E30CA2 /* Fructus */ = {
			isa = PBXGroup;
			children = (
				6EA288AF27DE81DE00E30CA2 /* Data */,
				6EA288AC27DE80CF00E30CA2 /* Model */,
				6EA288A527DE124000E30CA2 /* View */,
				6EA288A427DE121000E30CA2 /* App */,
				6EA2889A27DE09CB00E30CA2 /* Assets.xcassets */,
				6EA2889C27DE09CB00E30CA2 /* Preview Content */,
			);
			path = Fructus;
			sourceTree = "<group>";
		};
		6EA2889C27DE09CB00E30CA2 /* Preview Content */ = {
			isa = PBXGroup;
			children = (
				6EA2889D27DE09CB00E30CA2 /* Preview Assets.xcassets */,
			);
			path = "Preview Content";
			sourceTree = "<group>";
		};
		6EA288A427DE121000E30CA2 /* App */ = {
			isa = PBXGroup;
			children = (
				6EA2889627DE09C900E30CA2 /* FructusApp.swift */,
				6EA2889827DE09C900E30CA2 /* ContentView.swift */,
				6EA288AA27DE6CFA00E30CA2 /* OnboardingView.swift */,
				6EE7B35427E25CDD00E84B5C /* FruitDetailView.swift */,
			);
			path = App;
			sourceTree = "<group>";
		};
		6EA288A527DE124000E30CA2 /* View */ = {
			isa = PBXGroup;
			children = (
				6EA288A627DE127100E30CA2 /* FruitCardView.swift */,
				6EA288A827DE54E300E30CA2 /* StartButtonView.swift */,
				6EA288B427DE88A900E30CA2 /* FruitRowView.swift */,
				6EE7B35627E2646200E84B5C /* FruitHeaderView.swift */,
				6EE7B35827E2695500E84B5C /* SourceLinkView.swift */,
				6EE7B35A27E26F1100E84B5C /* FruitNutrientsView.swift */,
			);
			path = View;
			sourceTree = "<group>";
		};
		6EA288AC27DE80CF00E30CA2 /* Model */ = {
			isa = PBXGroup;
			children = (
				6EA288AD27DE80E700E30CA2 /* FruitModel.swift */,
			);
			path = Model;
			sourceTree = "<group>";
		};
		6EA288AF27DE81DE00E30CA2 /* Data */ = {
			isa = PBXGroup;
			children = (
				6EA288B227DE82B400E30CA2 /* FruitData.swift */,
			);
			path = Data;
			sourceTree = "<group>";
		};
/* End PBXGroup section */

/* Begin PBXNativeTarget section */
		6EA2889227DE09C900E30CA2 /* Fructus */ = {
			isa = PBXNativeTarget;
			buildConfigurationList = 6EA288A127DE09CB00E30CA2 /* Build configuration list for PBXNativeTarget "Fructus" */;
			buildPhases = (
				6EA2888F27DE09C900E30CA2 /* Sources */,
				6EA2889027DE09C900E30CA2 /* Frameworks */,
				6EA2889127DE09C900E30CA2 /* Resources */,
			);
			buildRules = (
			);
			dependencies = (
			);
			name = Fructus;
			productName = Fructus;
			productReference = 6EA2889327DE09C900E30CA2 /* Fructus.app */;
			productType = "com.apple.product-type.application";
		};
/* End PBXNativeTarget section */

/* Begin PBXProject section */
		6EA2888B27DE09C900E30CA2 /* Project object */ = {
			isa = PBXProject;
			attributes = {
				BuildIndependentTargetsInParallel = 1;
				LastSwiftUpdateCheck = 1320;
				LastUpgradeCheck = 1320;
				TargetAttributes = {
					6EA2889227DE09C900E30CA2 = {
						CreatedOnToolsVersion = 13.2.1;
					};
				};
			};
			buildConfigurationList = 6EA2888E27DE09C900E30CA2 /* Build configuration list for PBXProject "Fructus" */;
			compatibilityVersion = "Xcode 13.0";
			developmentRegion = en;
			hasScannedForEncodings = 0;
			knownRegions = (
				en,
				Base,
			);
			mainGroup = 6EA2888A27DE09C900E30CA2;
			productRefGroup = 6EA2889427DE09C900E30CA2 /* Products */;
			projectDirPath = "";
			projectRoot = "";
			targets = (
				6EA2889227DE09C900E30CA2 /* Fructus */,
			);
		};
/* End PBXProject section */

/* Begin PBXResourcesBuildPhase section */
		6EA2889127DE09C900E30CA2 /* Resources */ = {
			isa = PBXResourcesBuildPhase;
			buildActionMask = 2147483647;
			files = (
				6EA2889E27DE09CB00E30CA2 /* Preview Assets.xcassets in Resources */,
				6EA2889B27DE09CB00E30CA2 /* Assets.xcassets in Resources */,
			);
			runOnlyForDeploymentPostprocessing = 0;
		};
/* End PBXResourcesBuildPhase section */

/* Begin PBXSourcesBuildPhase section */
		6EA2888F27DE09C900E30CA2 /* Sources */ = {
			isa = PBXSourcesBuildPhase;
			buildActionMask = 2147483647;
			files = (
				6EA288B327DE82B400E30CA2 /* FruitData.swift in Sources */,
				6EE7B35927E2695500E84B5C /* SourceLinkView.swift in Sources */,
				6EA288A727DE127100E30CA2 /* FruitCardView.swift in Sources */,
				6EA288B527DE88A900E30CA2 /* FruitRowView.swift in Sources */,
				6EE7B35B27E26F1100E84B5C /* FruitNutrientsView.swift in Sources */,
				6EA288A927DE54E300E30CA2 /* StartButtonView.swift in Sources */,
				6EE7B35527E25CDD00E84B5C /* FruitDetailView.swift in Sources */,
				6EA2889927DE09C900E30CA2 /* ContentView.swift in Sources */,
				6EE7B35727E2646200E84B5C /* FruitHeaderView.swift in Sources */,
				6EA288AB27DE6CFA00E30CA2 /* OnboardingView.swift in Sources */,
				6EA288AE27DE80E700E30CA2 /* FruitModel.swift in Sources */,
				6EA2889727DE09C900E30CA2 /* FructusApp.swift in Sources */,
			);
			runOnlyForDeploymentPostprocessing = 0;
		};
/* End PBXSourcesBuildPhase section */

/* Begin XCBuildConfiguration section */
		6EA2889F27DE09CB00E30CA2 /* Debug */ = {
			isa = XCBuildConfiguration;
			buildSettings = {
				ALWAYS_SEARCH_USER_PATHS = NO;
				CLANG_ANALYZER_NONNULL = YES;
				CLANG_ANALYZER_NUMBER_OBJECT_CONVERSION = YES_AGGRESSIVE;
				CLANG_CXX_LANGUAGE_STANDARD = "gnu++17";
				CLANG_CXX_LIBRARY = "libc++";
				CLANG_ENABLE_MODULES = YES;
				CLANG_ENABLE_OBJC_ARC = YES;
				CLANG_ENABLE_OBJC_WEAK = YES;
				CLANG_WARN_BLOCK_CAPTURE_AUTORELEASING = YES;
				CLANG_WARN_BOOL_CONVERSION = YES;
				CLANG_WARN_COMMA = YES;
				CLANG_WARN_CONSTANT_CONVERSION = YES;
				CLANG_WARN_DEPRECATED_OBJC_IMPLEMENTATIONS = YES;
				CLANG_WARN_DIRECT_OBJC_ISA_USAGE = YES_ERROR;
				CLANG_WARN_DOCUMENTATION_COMMENTS = YES;
				CLANG_WARN_EMPTY_BODY = YES;
				CLANG_WARN_ENUM_CONVERSION = YES;
				CLANG_WARN_INFINITE_RECURSION = YES;
				CLANG_WARN_INT_CONVERSION = YES;
				CLANG_WARN_NON_LITERAL_NULL_CONVERSION = YES;
				CLANG_WARN_OBJC_IMPLICIT_RETAIN_SELF = YES;
				CLANG_WARN_OBJC_LITERAL_CONVERSION = YES;
				CLANG_WARN_OBJC_ROOT_CLASS = YES_ERROR;
				CLANG_WARN_QUOTED_INCLUDE_IN_FRAMEWORK_HEADER = YES;
				CLANG_WARN_RANGE_LOOP_ANALYSIS = YES;
				CLANG_WARN_STRICT_PROTOTYPES = YES;
				CLANG_WARN_SUSPICIOUS_MOVE = YES;
				CLANG_WARN_UNGUARDED_AVAILABILITY = YES_AGGRESSIVE;
				CLANG_WARN_UNREACHABLE_CODE = YES;
				CLANG_WARN__DUPLICATE_METHOD_MATCH = YES;
				COPY_PHASE_STRIP = NO;
				DEBUG_INFORMATION_FORMAT = dwarf;
				ENABLE_STRICT_OBJC_MSGSEND = YES;
				ENABLE_TESTABILITY = YES;
				GCC_C_LANGUAGE_STANDARD = gnu11;
				GCC_DYNAMIC_NO_PIC = NO;
				GCC_NO_COMMON_BLOCKS = YES;
				GCC_OPTIMIZATION_LEVEL = 0;
				GCC_PREPROCESSOR_DEFINITIONS = (
					"DEBUG=1",
					"$(inherited)",
				);
				GCC_WARN_64_TO_32_BIT_CONVERSION = YES;
				GCC_WARN_ABOUT_RETURN_TYPE = YES_ERROR;
				GCC_WARN_UNDECLARED_SELECTOR = YES;
				GCC_WARN_UNINITIALIZED_AUTOS = YES_AGGRESSIVE;
				GCC_WARN_UNUSED_FUNCTION = YES;
				GCC_WARN_UNUSED_VARIABLE = YES;
				IPHONEOS_DEPLOYMENT_TARGET = 15.2;
				MTL_ENABLE_DEBUG_INFO = INCLUDE_SOURCE;
				MTL_FAST_MATH = YES;
				ONLY_ACTIVE_ARCH = YES;
				SDKROOT = iphoneos;
				SWIFT_ACTIVE_COMPILATION_CONDITIONS = DEBUG;
				SWIFT_OPTIMIZATION_LEVEL = "-Onone";
			};
			name = Debug;
		};
		6EA288A027DE09CB00E30CA2 /* Release */ = {
			isa = XCBuildConfiguration;
			buildSettings = {
				ALWAYS_SEARCH_USER_PATHS = NO;
				CLANG_ANALYZER_NONNULL = YES;
				CLANG_ANALYZER_NUMBER_OBJECT_CONVERSION = YES_AGGRESSIVE;
				CLANG_CXX_LANGUAGE_STANDARD = "gnu++17";
				CLANG_CXX_LIBRARY = "libc++";
				CLANG_ENABLE_MODULES = YES;
				CLANG_ENABLE_OBJC_ARC = YES;
				CLANG_ENABLE_OBJC_WEAK = YES;
				CLANG_WARN_BLOCK_CAPTURE_AUTORELEASING = YES;
				CLANG_WARN_BOOL_CONVERSION = YES;
				CLANG_WARN_COMMA = YES;
				CLANG_WARN_CONSTANT_CONVERSION = YES;
				CLANG_WARN_DEPRECATED_OBJC_IMPLEMENTATIONS = YES;
				CLANG_WARN_DIRECT_OBJC_ISA_USAGE = YES_ERROR;
				CLANG_WARN_DOCUMENTATION_COMMENTS = YES;
				CLANG_WARN_EMPTY_BODY = YES;
				CLANG_WARN_ENUM_CONVERSION = YES;
				CLANG_WARN_INFINITE_RECURSION = YES;
				CLANG_WARN_INT_CONVERSION = YES;
				CLANG_WARN_NON_LITERAL_NULL_CONVERSION = YES;
				CLANG_WARN_OBJC_IMPLICIT_RETAIN_SELF = YES;
				CLANG_WARN_OBJC_LITERAL_CONVERSION = YES;
				CLANG_WARN_OBJC_ROOT_CLASS = YES_ERROR;
				CLANG_WARN_QUOTED_INCLUDE_IN_FRAMEWORK_HEADER = YES;
				CLANG_WARN_RANGE_LOOP_ANALYSIS = YES;
				CLANG_WARN_STRICT_PROTOTYPES = YES;
				CLANG_WARN_SUSPICIOUS_MOVE = YES;
				CLANG_WARN_UNGUARDED_AVAILABILITY = YES_AGGRESSIVE;
				CLANG_WARN_UNREACHABLE_CODE = YES;
				CLANG_WARN__DUPLICATE_METHOD_MATCH = YES;
				COPY_PHASE_STRIP = NO;
				DEBUG_INFORMATION_FORMAT = "dwarf-with-dsym";
				ENABLE_NS_ASSERTIONS = NO;
				ENABLE_STRICT_OBJC_MSGSEND = YES;
				GCC_C_LANGUAGE_STANDARD = gnu11;
				GCC_NO_COMMON_BLOCKS = YES;
				GCC_WARN_64_TO_32_BIT_CONVERSION = YES;
				GCC_WARN_ABOUT_RETURN_TYPE = YES_ERROR;
				GCC_WARN_UNDECLARED_SELECTOR = YES;
				GCC_WARN_UNINITIALIZED_AUTOS = YES_AGGRESSIVE;
				GCC_WARN_UNUSED_FUNCTION = YES;
				GCC_WARN_UNUSED_VARIABLE = YES;
				IPHONEOS_DEPLOYMENT_TARGET = 15.2;
				MTL_ENABLE_DEBUG_INFO = NO;
				MTL_FAST_MATH = YES;
				SDKROOT = iphoneos;
				SWIFT_COMPILATION_MODE = wholemodule;
				SWIFT_OPTIMIZATION_LEVEL = "-O";
				VALIDATE_PRODUCT = YES;
			};
			name = Release;
		};
		6EA288A227DE09CB00E30CA2 /* Debug */ = {
			isa = XCBuildConfiguration;
			buildSettings = {
				ASSETCATALOG_COMPILER_APPICON_NAME = AppIcon;
				ASSETCATALOG_COMPILER_GLOBAL_ACCENT_COLOR_NAME = AccentColor;
				CODE_SIGN_STYLE = Automatic;
				CURRENT_PROJECT_VERSION = 1;
				DEVELOPMENT_ASSET_PATHS = "\"Fructus/Preview Content\"";
				DEVELOPMENT_TEAM = A9C65F4S84;
				ENABLE_PREVIEWS = YES;
				GENERATE_INFOPLIST_FILE = YES;
				INFOPLIST_KEY_UIApplicationSceneManifest_Generation = YES;
				INFOPLIST_KEY_UIApplicationSupportsIndirectInputEvents = YES;
				INFOPLIST_KEY_UILaunchScreen_Generation = YES;
				INFOPLIST_KEY_UISupportedInterfaceOrientations = UIInterfaceOrientationPortrait;
				INFOPLIST_KEY_UISupportedInterfaceOrientations_iPad = "UIInterfaceOrientationPortrait UIInterfaceOrientationPortraitUpsideDown UIInterfaceOrientationLandscapeLeft UIInterfaceOrientationLandscapeRight";
				INFOPLIST_KEY_UISupportedInterfaceOrientations_iPhone = "UIInterfaceOrientationPortrait UIInterfaceOrientationLandscapeLeft UIInterfaceOrientationLandscapeRight";
				LD_RUNPATH_SEARCH_PATHS = (
					"$(inherited)",
					"@executable_path/Frameworks",
				);
				MARKETING_VERSION = 1.0;
				PRODUCT_BUNDLE_IDENTIFIER = com.lukwan.Fructus;
				PRODUCT_NAME = "$(TARGET_NAME)";
				SWIFT_EMIT_LOC_STRINGS = YES;
				SWIFT_VERSION = 5.0;
				TARGETED_DEVICE_FAMILY = "1,2";
			};
			name = Debug;
		};
		6EA288A327DE09CB00E30CA2 /* Release */ = {
			isa = XCBuildConfiguration;
			buildSettings = {
				ASSETCATALOG_COMPILER_APPICON_NAME = AppIcon;
				ASSETCATALOG_COMPILER_GLOBAL_ACCENT_COLOR_NAME = AccentColor;
				CODE_SIGN_STYLE = Automatic;
				CURRENT_PROJECT_VERSION = 1;
				DEVELOPMENT_ASSET_PATHS = "\"Fructus/Preview Content\"";
				DEVELOPMENT_TEAM = A9C65F4S84;
				ENABLE_PREVIEWS = YES;
				GENERATE_INFOPLIST_FILE = YES;
				INFOPLIST_KEY_UIApplicationSceneManifest_Generation = YES;
				INFOPLIST_KEY_UIApplicationSupportsIndirectInputEvents = YES;
				INFOPLIST_KEY_UILaunchScreen_Generation = YES;
				INFOPLIST_KEY_UISupportedInterfaceOrientations = UIInterfaceOrientationPortrait;
				INFOPLIST_KEY_UISupportedInterfaceOrientations_iPad = "UIInterfaceOrientationPortrait UIInterfaceOrientationPortraitUpsideDown UIInterfaceOrientationLandscapeLeft UIInterfaceOrientationLandscapeRight";
				INFOPLIST_KEY_UISupportedInterfaceOrientations_iPhone = "UIInterfaceOrientationPortrait UIInterfaceOrientationLandscapeLeft UIInterfaceOrientationLandscapeRight";
				LD_RUNPATH_SEARCH_PATHS = (
					"$(inherited)",
					"@executable_path/Frameworks",
				);
				MARKETING_VERSION = 1.0;
				PRODUCT_BUNDLE_IDENTIFIER = com.lukwan.Fructus;
				PRODUCT_NAME = "$(TARGET_NAME)";
				SWIFT_EMIT_LOC_STRINGS = YES;
				SWIFT_VERSION = 5.0;
				TARGETED_DEVICE_FAMILY = "1,2";
			};
			name = Release;
		};
/* End XCBuildConfiguration section */

/* Begin XCConfigurationList section */
		6EA2888E27DE09C900E30CA2 /* Build configuration list for PBXProject "Fructus" */ = {
			isa = XCConfigurationList;
			buildConfigurations = (
				6EA2889F27DE09CB00E30CA2 /* Debug */,
				6EA288A027DE09CB00E30CA2 /* Release */,
			);
			defaultConfigurationIsVisible = 0;
			defaultConfigurationName = Release;
		};
		6EA288A127DE09CB00E30CA2 /* Build configuration list for PBXNativeTarget "Fructus" */ = {
			isa = XCConfigurationList;
			buildConfigurations = (
				6EA288A227DE09CB00E30CA2 /* Debug */,
				6EA288A327DE09CB00E30CA2 /* Release */,
			);
			defaultConfigurationIsVisible = 0;
			defaultConfigurationName = Release;
		};
/* End XCConfigurationList section */
	};
	rootObject = 6EA2888B27DE09C900E30CA2 /* Project object */;
}
