// !$*UTF8*$!
{
	archiveVersion = 1;
	classes = {
	};
	objectVersion = 55;
	objects = {

/* Begin PBXBuildFile section */
		64AD957E16E932F7E5CC35AC /* Pods_Instagram.framework in Frameworks */ = {isa = PBXBuildFile; fileRef = B7978F524738A266110E4C79 /* Pods_Instagram.framework */; };
		6E0C24932879FF6A00D5DE0F /* AppDelegate.swift in Sources */ = {isa = PBXBuildFile; fileRef = 6E0C24922879FF6A00D5DE0F /* AppDelegate.swift */; };
		6E0C24952879FF6A00D5DE0F /* SceneDelegate.swift in Sources */ = {isa = PBXBuildFile; fileRef = 6E0C24942879FF6A00D5DE0F /* SceneDelegate.swift */; };
		6E0C24972879FF6A00D5DE0F /* ViewController.swift in Sources */ = {isa = PBXBuildFile; fileRef = 6E0C24962879FF6A00D5DE0F /* ViewController.swift */; };
		6E0C249C2879FF6B00D5DE0F /* Assets.xcassets in Resources */ = {isa = PBXBuildFile; fileRef = 6E0C249B2879FF6B00D5DE0F /* Assets.xcassets */; };
		6E0C249F2879FF6B00D5DE0F /* LaunchScreen.storyboard in Resources */ = {isa = PBXBuildFile; fileRef = 6E0C249D2879FF6B00D5DE0F /* LaunchScreen.storyboard */; };
		6E0C24B3287A011200D5DE0F /* MainTabController.swift in Sources */ = {isa = PBXBuildFile; fileRef = 6E0C24B2287A011200D5DE0F /* MainTabController.swift */; };
		6E0C24B5287A028C00D5DE0F /* FeedController.swift in Sources */ = {isa = PBXBuildFile; fileRef = 6E0C24B4287A028C00D5DE0F /* FeedController.swift */; };
		6E0C24B7287A029E00D5DE0F /* SearchController.swift in Sources */ = {isa = PBXBuildFile; fileRef = 6E0C24B6287A029E00D5DE0F /* SearchController.swift */; };
		6E0C24B9287A02B000D5DE0F /* ImageSelectorController.swift in Sources */ = {isa = PBXBuildFile; fileRef = 6E0C24B8287A02B000D5DE0F /* ImageSelectorController.swift */; };
		6E0C24BB287A02BB00D5DE0F /* NotificationController.swift in Sources */ = {isa = PBXBuildFile; fileRef = 6E0C24BA287A02BB00D5DE0F /* NotificationController.swift */; };
		6E0C24BD287A02C400D5DE0F /* ProfileController.swift in Sources */ = {isa = PBXBuildFile; fileRef = 6E0C24BC287A02C400D5DE0F /* ProfileController.swift */; };
		6E2141AC287CA03800792879 /* ProfileCell.swift in Sources */ = {isa = PBXBuildFile; fileRef = 6E2141AB287CA03800792879 /* ProfileCell.swift */; };
		6E2141AE287CA05A00792879 /* ProfileHeader.swift in Sources */ = {isa = PBXBuildFile; fileRef = 6E2141AD287CA05A00792879 /* ProfileHeader.swift */; };
		6E2D7BB8287A1BEE00FF4255 /* FeedCell.swift in Sources */ = {isa = PBXBuildFile; fileRef = 6E2D7BB7287A1BEE00FF4255 /* FeedCell.swift */; };
		6E2D7BBA287A224A00FF4255 /* Extensions.swift in Sources */ = {isa = PBXBuildFile; fileRef = 6E2D7BB9287A224A00FF4255 /* Extensions.swift */; };
		6E2D7BBD287AAE4500FF4255 /* LoginController.swift in Sources */ = {isa = PBXBuildFile; fileRef = 6E2D7BBC287AAE4500FF4255 /* LoginController.swift */; };
		6E2D7BBF287AAE5500FF4255 /* RegistrationController.swift in Sources */ = {isa = PBXBuildFile; fileRef = 6E2D7BBE287AAE5500FF4255 /* RegistrationController.swift */; };
		6E2D7BC1287AC44600FF4255 /* CustomTextField.swift in Sources */ = {isa = PBXBuildFile; fileRef = 6E2D7BC0287AC44600FF4255 /* CustomTextField.swift */; };
		6E2D7BC3287AD07D00FF4255 /* AuthenticationViewModel.swift in Sources */ = {isa = PBXBuildFile; fileRef = 6E2D7BC2287AD07D00FF4255 /* AuthenticationViewModel.swift */; };
		6E2D7BC7287B20BE00FF4255 /* GoogleService-Info.plist in Resources */ = {isa = PBXBuildFile; fileRef = 6E2D7BC6287B20BE00FF4255 /* GoogleService-Info.plist */; };
		6E2D7BC9287B3A9500FF4255 /* ImageUploader.swift in Sources */ = {isa = PBXBuildFile; fileRef = 6E2D7BC8287B3A9500FF4255 /* ImageUploader.swift */; };
		6E2D7BCB287B3BAD00FF4255 /* AuthenticationService.swift in Sources */ = {isa = PBXBuildFile; fileRef = 6E2D7BCA287B3BAD00FF4255 /* AuthenticationService.swift */; };
/* End PBXBuildFile section */

/* Begin PBXFileReference section */
		2E349267EAFF4B779F6B61FF /* Pods-Instagram.debug.xcconfig */ = {isa = PBXFileReference; includeInIndex = 1; lastKnownFileType = text.xcconfig; name = "Pods-Instagram.debug.xcconfig"; path = "Target Support Files/Pods-Instagram/Pods-Instagram.debug.xcconfig"; sourceTree = "<group>"; };
		6E0C248F2879FF6A00D5DE0F /* Instagram.app */ = {isa = PBXFileReference; explicitFileType = wrapper.application; includeInIndex = 0; path = Instagram.app; sourceTree = BUILT_PRODUCTS_DIR; };
		6E0C24922879FF6A00D5DE0F /* AppDelegate.swift */ = {isa = PBXFileReference; lastKnownFileType = sourcecode.swift; path = AppDelegate.swift; sourceTree = "<group>"; };
		6E0C24942879FF6A00D5DE0F /* SceneDelegate.swift */ = {isa = PBXFileReference; lastKnownFileType = sourcecode.swift; path = SceneDelegate.swift; sourceTree = "<group>"; };
		6E0C24962879FF6A00D5DE0F /* ViewController.swift */ = {isa = PBXFileReference; lastKnownFileType = sourcecode.swift; path = ViewController.swift; sourceTree = "<group>"; };
		6E0C249B2879FF6B00D5DE0F /* Assets.xcassets */ = {isa = PBXFileReference; lastKnownFileType = folder.assetcatalog; path = Assets.xcassets; sourceTree = "<group>"; };
		6E0C249E2879FF6B00D5DE0F /* Base */ = {isa = PBXFileReference; lastKnownFileType = file.storyboard; name = Base; path = Base.lproj/LaunchScreen.storyboard; sourceTree = "<group>"; };
		6E0C24A02879FF6B00D5DE0F /* Info.plist */ = {isa = PBXFileReference; lastKnownFileType = text.plist.xml; path = Info.plist; sourceTree = "<group>"; };
		6E0C24B2287A011200D5DE0F /* MainTabController.swift */ = {isa = PBXFileReference; lastKnownFileType = sourcecode.swift; path = MainTabController.swift; sourceTree = "<group>"; };
		6E0C24B4287A028C00D5DE0F /* FeedController.swift */ = {isa = PBXFileReference; lastKnownFileType = sourcecode.swift; path = FeedController.swift; sourceTree = "<group>"; };
		6E0C24B6287A029E00D5DE0F /* SearchController.swift */ = {isa = PBXFileReference; lastKnownFileType = sourcecode.swift; path = SearchController.swift; sourceTree = "<group>"; };
		6E0C24B8287A02B000D5DE0F /* ImageSelectorController.swift */ = {isa = PBXFileReference; lastKnownFileType = sourcecode.swift; path = ImageSelectorController.swift; sourceTree = "<group>"; };
		6E0C24BA287A02BB00D5DE0F /* NotificationController.swift */ = {isa = PBXFileReference; lastKnownFileType = sourcecode.swift; path = NotificationController.swift; sourceTree = "<group>"; };
		6E0C24BC287A02C400D5DE0F /* ProfileController.swift */ = {isa = PBXFileReference; lastKnownFileType = sourcecode.swift; path = ProfileController.swift; sourceTree = "<group>"; };
		6E2141AB287CA03800792879 /* ProfileCell.swift */ = {isa = PBXFileReference; lastKnownFileType = sourcecode.swift; path = ProfileCell.swift; sourceTree = "<group>"; };
		6E2141AD287CA05A00792879 /* ProfileHeader.swift */ = {isa = PBXFileReference; lastKnownFileType = sourcecode.swift; path = ProfileHeader.swift; sourceTree = "<group>"; };
		6E2D7BB7287A1BEE00FF4255 /* FeedCell.swift */ = {isa = PBXFileReference; lastKnownFileType = sourcecode.swift; path = FeedCell.swift; sourceTree = "<group>"; };
		6E2D7BB9287A224A00FF4255 /* Extensions.swift */ = {isa = PBXFileReference; lastKnownFileType = sourcecode.swift; path = Extensions.swift; sourceTree = "<group>"; };
		6E2D7BBC287AAE4500FF4255 /* LoginController.swift */ = {isa = PBXFileReference; lastKnownFileType = sourcecode.swift; path = LoginController.swift; sourceTree = "<group>"; };
		6E2D7BBE287AAE5500FF4255 /* RegistrationController.swift */ = {isa = PBXFileReference; lastKnownFileType = sourcecode.swift; path = RegistrationController.swift; sourceTree = "<group>"; };
		6E2D7BC0287AC44600FF4255 /* CustomTextField.swift */ = {isa = PBXFileReference; lastKnownFileType = sourcecode.swift; path = CustomTextField.swift; sourceTree = "<group>"; };
		6E2D7BC2287AD07D00FF4255 /* AuthenticationViewModel.swift */ = {isa = PBXFileReference; lastKnownFileType = sourcecode.swift; path = AuthenticationViewModel.swift; sourceTree = "<group>"; };
		6E2D7BC6287B20BE00FF4255 /* GoogleService-Info.plist */ = {isa = PBXFileReference; fileEncoding = 4; lastKnownFileType = text.plist.xml; path = "GoogleService-Info.plist"; sourceTree = "<group>"; };
		6E2D7BC8287B3A9500FF4255 /* ImageUploader.swift */ = {isa = PBXFileReference; lastKnownFileType = sourcecode.swift; path = ImageUploader.swift; sourceTree = "<group>"; };
		6E2D7BCA287B3BAD00FF4255 /* AuthenticationService.swift */ = {isa = PBXFileReference; lastKnownFileType = sourcecode.swift; path = AuthenticationService.swift; sourceTree = "<group>"; };
		B7978F524738A266110E4C79 /* Pods_Instagram.framework */ = {isa = PBXFileReference; explicitFileType = wrapper.framework; includeInIndex = 0; path = Pods_Instagram.framework; sourceTree = BUILT_PRODUCTS_DIR; };
		CDA92D7C29B569B95A90D98A /* Pods-Instagram.release.xcconfig */ = {isa = PBXFileReference; includeInIndex = 1; lastKnownFileType = text.xcconfig; name = "Pods-Instagram.release.xcconfig"; path = "Target Support Files/Pods-Instagram/Pods-Instagram.release.xcconfig"; sourceTree = "<group>"; };
/* End PBXFileReference section */

/* Begin PBXFrameworksBuildPhase section */
		6E0C248C2879FF6A00D5DE0F /* Frameworks */ = {
			isa = PBXFrameworksBuildPhase;
			buildActionMask = 2147483647;
			files = (
				64AD957E16E932F7E5CC35AC /* Pods_Instagram.framework in Frameworks */,
			);
			runOnlyForDeploymentPostprocessing = 0;
		};
/* End PBXFrameworksBuildPhase section */

/* Begin PBXGroup section */
		429A07573BFE6C564C3D1659 /* Frameworks */ = {
			isa = PBXGroup;
			children = (
				B7978F524738A266110E4C79 /* Pods_Instagram.framework */,
			);
			name = Frameworks;
			sourceTree = "<group>";
		};
		487DA8DD27D87095E2D6FB27 /* Pods */ = {
			isa = PBXGroup;
			children = (
				2E349267EAFF4B779F6B61FF /* Pods-Instagram.debug.xcconfig */,
				CDA92D7C29B569B95A90D98A /* Pods-Instagram.release.xcconfig */,
			);
			path = Pods;
			sourceTree = "<group>";
		};
		6E0C24862879FF6A00D5DE0F = {
			isa = PBXGroup;
			children = (
				6E0C24912879FF6A00D5DE0F /* Instagram */,
				6E0C24902879FF6A00D5DE0F /* Products */,
				487DA8DD27D87095E2D6FB27 /* Pods */,
				429A07573BFE6C564C3D1659 /* Frameworks */,
			);
			sourceTree = "<group>";
		};
		6E0C24902879FF6A00D5DE0F /* Products */ = {
			isa = PBXGroup;
			children = (
				6E0C248F2879FF6A00D5DE0F /* Instagram.app */,
			);
			name = Products;
			sourceTree = "<group>";
		};
		6E0C24912879FF6A00D5DE0F /* Instagram */ = {
			isa = PBXGroup;
			children = (
				6E0C24AC287A006100D5DE0F /* Modal */,
				6E0C24AD287A006900D5DE0F /* View */,
				6E0C24AE287A007300D5DE0F /* ViewModel */,
				6E0C24AF287A007A00D5DE0F /* Controller */,
				6E0C24B0287A008400D5DE0F /* API */,
				6E0C24B1287A008B00D5DE0F /* Utils */,
				6E0C24922879FF6A00D5DE0F /* AppDelegate.swift */,
				6E0C24942879FF6A00D5DE0F /* SceneDelegate.swift */,
				6E0C24962879FF6A00D5DE0F /* ViewController.swift */,
				6E0C249B2879FF6B00D5DE0F /* Assets.xcassets */,
				6E0C249D2879FF6B00D5DE0F /* LaunchScreen.storyboard */,
				6E0C24A02879FF6B00D5DE0F /* Info.plist */,
				6E2D7BC6287B20BE00FF4255 /* GoogleService-Info.plist */,
			);
			path = Instagram;
			sourceTree = "<group>";
		};
		6E0C24AC287A006100D5DE0F /* Modal */ = {
			isa = PBXGroup;
			children = (
			);
			path = Modal;
			sourceTree = "<group>";
		};
		6E0C24AD287A006900D5DE0F /* View */ = {
			isa = PBXGroup;
			children = (
				6E2141AF287CA06300792879 /* Profile */,
				6E2D7BB7287A1BEE00FF4255 /* FeedCell.swift */,
				6E2D7BC0287AC44600FF4255 /* CustomTextField.swift */,
			);
			path = View;
			sourceTree = "<group>";
		};
		6E0C24AE287A007300D5DE0F /* ViewModel */ = {
			isa = PBXGroup;
			children = (
				6E2D7BC2287AD07D00FF4255 /* AuthenticationViewModel.swift */,
			);
			path = ViewModel;
			sourceTree = "<group>";
		};
		6E0C24AF287A007A00D5DE0F /* Controller */ = {
			isa = PBXGroup;
			children = (
				6E2D7BBB287AAD9B00FF4255 /* Authentication */,
				6E0C24B2287A011200D5DE0F /* MainTabController.swift */,
				6E0C24B4287A028C00D5DE0F /* FeedController.swift */,
				6E0C24B6287A029E00D5DE0F /* SearchController.swift */,
				6E0C24B8287A02B000D5DE0F /* ImageSelectorController.swift */,
				6E0C24BA287A02BB00D5DE0F /* NotificationController.swift */,
				6E0C24BC287A02C400D5DE0F /* ProfileController.swift */,
			);
			path = Controller;
			sourceTree = "<group>";
		};
		6E0C24B0287A008400D5DE0F /* API */ = {
			isa = PBXGroup;
			children = (
				6E2D7BC8287B3A9500FF4255 /* ImageUploader.swift */,
				6E2D7BCA287B3BAD00FF4255 /* AuthenticationService.swift */,
			);
			path = API;
			sourceTree = "<group>";
		};
		6E0C24B1287A008B00D5DE0F /* Utils */ = {
			isa = PBXGroup;
			children = (
				6E2D7BB9287A224A00FF4255 /* Extensions.swift */,
			);
			path = Utils;
			sourceTree = "<group>";
		};
		6E2141AF287CA06300792879 /* Profile */ = {
			isa = PBXGroup;
			children = (
				6E2141AB287CA03800792879 /* ProfileCell.swift */,
				6E2141AD287CA05A00792879 /* ProfileHeader.swift */,
			);
			path = Profile;
			sourceTree = "<group>";
		};
		6E2D7BBB287AAD9B00FF4255 /* Authentication */ = {
			isa = PBXGroup;
			children = (
				6E2D7BBC287AAE4500FF4255 /* LoginController.swift */,
				6E2D7BBE287AAE5500FF4255 /* RegistrationController.swift */,
			);
			path = Authentication;
			sourceTree = "<group>";
		};
/* End PBXGroup section */

/* Begin PBXNativeTarget section */
		6E0C248E2879FF6A00D5DE0F /* Instagram */ = {
			isa = PBXNativeTarget;
			buildConfigurationList = 6E0C24A32879FF6B00D5DE0F /* Build configuration list for PBXNativeTarget "Instagram" */;
			buildPhases = (
				94C10714C58AF970E86CEAAB /* [CP] Check Pods Manifest.lock */,
				6E0C248B2879FF6A00D5DE0F /* Sources */,
				6E0C248C2879FF6A00D5DE0F /* Frameworks */,
				6E0C248D2879FF6A00D5DE0F /* Resources */,
				C84D8B3AC3556BBDACE43656 /* [CP] Embed Pods Frameworks */,
			);
			buildRules = (
			);
			dependencies = (
			);
			name = Instagram;
			productName = Instagram;
			productReference = 6E0C248F2879FF6A00D5DE0F /* Instagram.app */;
			productType = "com.apple.product-type.application";
		};
/* End PBXNativeTarget section */

/* Begin PBXProject section */
		6E0C24872879FF6A00D5DE0F /* Project object */ = {
			isa = PBXProject;
			attributes = {
				BuildIndependentTargetsInParallel = 1;
				LastSwiftUpdateCheck = 1340;
				LastUpgradeCheck = 1340;
				TargetAttributes = {
					6E0C248E2879FF6A00D5DE0F = {
						CreatedOnToolsVersion = 13.4.1;
					};
				};
			};
			buildConfigurationList = 6E0C248A2879FF6A00D5DE0F /* Build configuration list for PBXProject "Instagram" */;
			compatibilityVersion = "Xcode 13.0";
			developmentRegion = en;
			hasScannedForEncodings = 0;
			knownRegions = (
				en,
				Base,
			);
			mainGroup = 6E0C24862879FF6A00D5DE0F;
			productRefGroup = 6E0C24902879FF6A00D5DE0F /* Products */;
			projectDirPath = "";
			projectRoot = "";
			targets = (
				6E0C248E2879FF6A00D5DE0F /* Instagram */,
			);
		};
/* End PBXProject section */

/* Begin PBXResourcesBuildPhase section */
		6E0C248D2879FF6A00D5DE0F /* Resources */ = {
			isa = PBXResourcesBuildPhase;
			buildActionMask = 2147483647;
			files = (
				6E0C249F2879FF6B00D5DE0F /* LaunchScreen.storyboard in Resources */,
				6E0C249C2879FF6B00D5DE0F /* Assets.xcassets in Resources */,
				6E2D7BC7287B20BE00FF4255 /* GoogleService-Info.plist in Resources */,
			);
			runOnlyForDeploymentPostprocessing = 0;
		};
/* End PBXResourcesBuildPhase section */

/* Begin PBXShellScriptBuildPhase section */
		94C10714C58AF970E86CEAAB /* [CP] Check Pods Manifest.lock */ = {
			isa = PBXShellScriptBuildPhase;
			buildActionMask = 2147483647;
			files = (
			);
			inputFileListPaths = (
			);
			inputPaths = (
				"${PODS_PODFILE_DIR_PATH}/Podfile.lock",
				"${PODS_ROOT}/Manifest.lock",
			);
			name = "[CP] Check Pods Manifest.lock";
			outputFileListPaths = (
			);
			outputPaths = (
				"$(DERIVED_FILE_DIR)/Pods-Instagram-checkManifestLockResult.txt",
			);
			runOnlyForDeploymentPostprocessing = 0;
			shellPath = /bin/sh;
			shellScript = "diff \"${PODS_PODFILE_DIR_PATH}/Podfile.lock\" \"${PODS_ROOT}/Manifest.lock\" > /dev/null\nif [ $? != 0 ] ; then\n    # print error to STDERR\n    echo \"error: The sandbox is not in sync with the Podfile.lock. Run 'pod install' or update your CocoaPods installation.\" >&2\n    exit 1\nfi\n# This output is used by Xcode 'outputs' to avoid re-running this script phase.\necho \"SUCCESS\" > \"${SCRIPT_OUTPUT_FILE_0}\"\n";
			showEnvVarsInLog = 0;
		};
		C84D8B3AC3556BBDACE43656 /* [CP] Embed Pods Frameworks */ = {
			isa = PBXShellScriptBuildPhase;
			buildActionMask = 2147483647;
			files = (
			);
			inputFileListPaths = (
				"${PODS_ROOT}/Target Support Files/Pods-Instagram/Pods-Instagram-frameworks-${CONFIGURATION}-input-files.xcfilelist",
			);
			name = "[CP] Embed Pods Frameworks";
			outputFileListPaths = (
				"${PODS_ROOT}/Target Support Files/Pods-Instagram/Pods-Instagram-frameworks-${CONFIGURATION}-output-files.xcfilelist",
			);
			runOnlyForDeploymentPostprocessing = 0;
			shellPath = /bin/sh;
			shellScript = "\"${PODS_ROOT}/Target Support Files/Pods-Instagram/Pods-Instagram-frameworks.sh\"\n";
			showEnvVarsInLog = 0;
		};
/* End PBXShellScriptBuildPhase section */

/* Begin PBXSourcesBuildPhase section */
		6E0C248B2879FF6A00D5DE0F /* Sources */ = {
			isa = PBXSourcesBuildPhase;
			buildActionMask = 2147483647;
			files = (
				6E2D7BC1287AC44600FF4255 /* CustomTextField.swift in Sources */,
				6E2141AE287CA05A00792879 /* ProfileHeader.swift in Sources */,
				6E0C24972879FF6A00D5DE0F /* ViewController.swift in Sources */,
				6E2D7BBD287AAE4500FF4255 /* LoginController.swift in Sources */,
				6E2D7BB8287A1BEE00FF4255 /* FeedCell.swift in Sources */,
				6E0C24B9287A02B000D5DE0F /* ImageSelectorController.swift in Sources */,
				6E0C24BB287A02BB00D5DE0F /* NotificationController.swift in Sources */,
				6E2D7BC3287AD07D00FF4255 /* AuthenticationViewModel.swift in Sources */,
				6E0C24B7287A029E00D5DE0F /* SearchController.swift in Sources */,
				6E0C24932879FF6A00D5DE0F /* AppDelegate.swift in Sources */,
				6E0C24BD287A02C400D5DE0F /* ProfileController.swift in Sources */,
				6E0C24B5287A028C00D5DE0F /* FeedController.swift in Sources */,
				6E0C24B3287A011200D5DE0F /* MainTabController.swift in Sources */,
				6E2D7BBA287A224A00FF4255 /* Extensions.swift in Sources */,
				6E2D7BCB287B3BAD00FF4255 /* AuthenticationService.swift in Sources */,
				6E2D7BC9287B3A9500FF4255 /* ImageUploader.swift in Sources */,
				6E2141AC287CA03800792879 /* ProfileCell.swift in Sources */,
				6E0C24952879FF6A00D5DE0F /* SceneDelegate.swift in Sources */,
				6E2D7BBF287AAE5500FF4255 /* RegistrationController.swift in Sources */,
			);
			runOnlyForDeploymentPostprocessing = 0;
		};
/* End PBXSourcesBuildPhase section */

/* Begin PBXVariantGroup section */
		6E0C249D2879FF6B00D5DE0F /* LaunchScreen.storyboard */ = {
			isa = PBXVariantGroup;
			children = (
				6E0C249E2879FF6B00D5DE0F /* Base */,
			);
			name = LaunchScreen.storyboard;
			sourceTree = "<group>";
		};
/* End PBXVariantGroup section */

/* Begin XCBuildConfiguration section */
		6E0C24A12879FF6B00D5DE0F /* Debug */ = {
			isa = XCBuildConfiguration;
			buildSettings = {
				ALWAYS_SEARCH_USER_PATHS = NO;
				CLANG_ANALYZER_NONNULL = YES;
				CLANG_ANALYZER_NUMBER_OBJECT_CONVERSION = YES_AGGRESSIVE;
				CLANG_CXX_LANGUAGE_STANDARD = "gnu++17";
				CLANG_ENABLE_MODULES = YES;
				CLANG_ENABLE_OBJC_ARC = YES;
				CLANG_ENABLE_OBJC_WEAK = YES;
				CLANG_WARN_BLOCK_CAPTURE_AUTORELEASING = YES;
				CLANG_WARN_BOOL_CONVERSION = YES;
				CLANG_WARN_COMMA = YES;
				CLANG_WARN_CONSTANT_CONVERSION = YES;
				CLANG_WARN_DEPRECATED_OBJC_IMPLEMENTATIONS = YES;
				CLANG_WARN_DIRECT_OBJC_ISA_USAGE = YES_ERROR;
				CLANG_WARN_DOCUMENTATION_COMMENTS = YES;
				CLANG_WARN_EMPTY_BODY = YES;
				CLANG_WARN_ENUM_CONVERSION = YES;
				CLANG_WARN_INFINITE_RECURSION = YES;
				CLANG_WARN_INT_CONVERSION = YES;
				CLANG_WARN_NON_LITERAL_NULL_CONVERSION = YES;
				CLANG_WARN_OBJC_IMPLICIT_RETAIN_SELF = YES;
				CLANG_WARN_OBJC_LITERAL_CONVERSION = YES;
				CLANG_WARN_OBJC_ROOT_CLASS = YES_ERROR;
				CLANG_WARN_QUOTED_INCLUDE_IN_FRAMEWORK_HEADER = YES;
				CLANG_WARN_RANGE_LOOP_ANALYSIS = YES;
				CLANG_WARN_STRICT_PROTOTYPES = YES;
				CLANG_WARN_SUSPICIOUS_MOVE = YES;
				CLANG_WARN_UNGUARDED_AVAILABILITY = YES_AGGRESSIVE;
				CLANG_WARN_UNREACHABLE_CODE = YES;
				CLANG_WARN__DUPLICATE_METHOD_MATCH = YES;
				COPY_PHASE_STRIP = NO;
				DEBUG_INFORMATION_FORMAT = dwarf;
				ENABLE_STRICT_OBJC_MSGSEND = YES;
				ENABLE_TESTABILITY = YES;
				GCC_C_LANGUAGE_STANDARD = gnu11;
				GCC_DYNAMIC_NO_PIC = NO;
				GCC_NO_COMMON_BLOCKS = YES;
				GCC_OPTIMIZATION_LEVEL = 0;
				GCC_PREPROCESSOR_DEFINITIONS = (
					"DEBUG=1",
					"$(inherited)",
				);
				GCC_WARN_64_TO_32_BIT_CONVERSION = YES;
				GCC_WARN_ABOUT_RETURN_TYPE = YES_ERROR;
				GCC_WARN_UNDECLARED_SELECTOR = YES;
				GCC_WARN_UNINITIALIZED_AUTOS = YES_AGGRESSIVE;
				GCC_WARN_UNUSED_FUNCTION = YES;
				GCC_WARN_UNUSED_VARIABLE = YES;
				IPHONEOS_DEPLOYMENT_TARGET = 15.5;
				MTL_ENABLE_DEBUG_INFO = INCLUDE_SOURCE;
				MTL_FAST_MATH = YES;
				ONLY_ACTIVE_ARCH = YES;
				SDKROOT = iphoneos;
				SWIFT_ACTIVE_COMPILATION_CONDITIONS = DEBUG;
				SWIFT_OPTIMIZATION_LEVEL = "-Onone";
			};
			name = Debug;
		};
		6E0C24A22879FF6B00D5DE0F /* Release */ = {
			isa = XCBuildConfiguration;
			buildSettings = {
				ALWAYS_SEARCH_USER_PATHS = NO;
				CLANG_ANALYZER_NONNULL = YES;
				CLANG_ANALYZER_NUMBER_OBJECT_CONVERSION = YES_AGGRESSIVE;
				CLANG_CXX_LANGUAGE_STANDARD = "gnu++17";
				CLANG_ENABLE_MODULES = YES;
				CLANG_ENABLE_OBJC_ARC = YES;
				CLANG_ENABLE_OBJC_WEAK = YES;
				CLANG_WARN_BLOCK_CAPTURE_AUTORELEASING = YES;
				CLANG_WARN_BOOL_CONVERSION = YES;
				CLANG_WARN_COMMA = YES;
				CLANG_WARN_CONSTANT_CONVERSION = YES;
				CLANG_WARN_DEPRECATED_OBJC_IMPLEMENTATIONS = YES;
				CLANG_WARN_DIRECT_OBJC_ISA_USAGE = YES_ERROR;
				CLANG_WARN_DOCUMENTATION_COMMENTS = YES;
				CLANG_WARN_EMPTY_BODY = YES;
				CLANG_WARN_ENUM_CONVERSION = YES;
				CLANG_WARN_INFINITE_RECURSION = YES;
				CLANG_WARN_INT_CONVERSION = YES;
				CLANG_WARN_NON_LITERAL_NULL_CONVERSION = YES;
				CLANG_WARN_OBJC_IMPLICIT_RETAIN_SELF = YES;
				CLANG_WARN_OBJC_LITERAL_CONVERSION = YES;
				CLANG_WARN_OBJC_ROOT_CLASS = YES_ERROR;
				CLANG_WARN_QUOTED_INCLUDE_IN_FRAMEWORK_HEADER = YES;
				CLANG_WARN_RANGE_LOOP_ANALYSIS = YES;
				CLANG_WARN_STRICT_PROTOTYPES = YES;
				CLANG_WARN_SUSPICIOUS_MOVE = YES;
				CLANG_WARN_UNGUARDED_AVAILABILITY = YES_AGGRESSIVE;
				CLANG_WARN_UNREACHABLE_CODE = YES;
				CLANG_WARN__DUPLICATE_METHOD_MATCH = YES;
				COPY_PHASE_STRIP = NO;
				DEBUG_INFORMATION_FORMAT = "dwarf-with-dsym";
				ENABLE_NS_ASSERTIONS = NO;
				ENABLE_STRICT_OBJC_MSGSEND = YES;
				GCC_C_LANGUAGE_STANDARD = gnu11;
				GCC_NO_COMMON_BLOCKS = YES;
				GCC_WARN_64_TO_32_BIT_CONVERSION = YES;
				GCC_WARN_ABOUT_RETURN_TYPE = YES_ERROR;
				GCC_WARN_UNDECLARED_SELECTOR = YES;
				GCC_WARN_UNINITIALIZED_AUTOS = YES_AGGRESSIVE;
				GCC_WARN_UNUSED_FUNCTION = YES;
				GCC_WARN_UNUSED_VARIABLE = YES;
				IPHONEOS_DEPLOYMENT_TARGET = 15.5;
				MTL_ENABLE_DEBUG_INFO = NO;
				MTL_FAST_MATH = YES;
				SDKROOT = iphoneos;
				SWIFT_COMPILATION_MODE = wholemodule;
				SWIFT_OPTIMIZATION_LEVEL = "-O";
				VALIDATE_PRODUCT = YES;
			};
			name = Release;
		};
		6E0C24A42879FF6B00D5DE0F /* Debug */ = {
			isa = XCBuildConfiguration;
			baseConfigurationReference = 2E349267EAFF4B779F6B61FF /* Pods-Instagram.debug.xcconfig */;
			buildSettings = {
				ASSETCATALOG_COMPILER_APPICON_NAME = AppIcon;
				ASSETCATALOG_COMPILER_GLOBAL_ACCENT_COLOR_NAME = AccentColor;
				CODE_SIGN_STYLE = Automatic;
				CURRENT_PROJECT_VERSION = 1;
				DEVELOPMENT_TEAM = A9C65F4S84;
				GENERATE_INFOPLIST_FILE = YES;
				INFOPLIST_FILE = Instagram/Info.plist;
				INFOPLIST_KEY_UIApplicationSupportsIndirectInputEvents = YES;
				INFOPLIST_KEY_UILaunchStoryboardName = LaunchScreen;
				INFOPLIST_KEY_UISupportedInterfaceOrientations_iPad = "UIInterfaceOrientationPortrait UIInterfaceOrientationPortraitUpsideDown UIInterfaceOrientationLandscapeLeft UIInterfaceOrientationLandscapeRight";
				INFOPLIST_KEY_UISupportedInterfaceOrientations_iPhone = "UIInterfaceOrientationPortrait UIInterfaceOrientationLandscapeLeft UIInterfaceOrientationLandscapeRight";
				LD_RUNPATH_SEARCH_PATHS = (
					"$(inherited)",
					"@executable_path/Frameworks",
				);
				MARKETING_VERSION = 1.0;
				PRODUCT_BUNDLE_IDENTIFIER = com.lukwan.Instagram;
				PRODUCT_NAME = "$(TARGET_NAME)";
				SWIFT_EMIT_LOC_STRINGS = YES;
				SWIFT_VERSION = 5.0;
				TARGETED_DEVICE_FAMILY = "1,2";
			};
			name = Debug;
		};
		6E0C24A52879FF6B00D5DE0F /* Release */ = {
			isa = XCBuildConfiguration;
			baseConfigurationReference = CDA92D7C29B569B95A90D98A /* Pods-Instagram.release.xcconfig */;
			buildSettings = {
				ASSETCATALOG_COMPILER_APPICON_NAME = AppIcon;
				ASSETCATALOG_COMPILER_GLOBAL_ACCENT_COLOR_NAME = AccentColor;
				CODE_SIGN_STYLE = Automatic;
				CURRENT_PROJECT_VERSION = 1;
				DEVELOPMENT_TEAM = A9C65F4S84;
				GENERATE_INFOPLIST_FILE = YES;
				INFOPLIST_FILE = Instagram/Info.plist;
				INFOPLIST_KEY_UIApplicationSupportsIndirectInputEvents = YES;
				INFOPLIST_KEY_UILaunchStoryboardName = LaunchScreen;
				INFOPLIST_KEY_UISupportedInterfaceOrientations_iPad = "UIInterfaceOrientationPortrait UIInterfaceOrientationPortraitUpsideDown UIInterfaceOrientationLandscapeLeft UIInterfaceOrientationLandscapeRight";
				INFOPLIST_KEY_UISupportedInterfaceOrientations_iPhone = "UIInterfaceOrientationPortrait UIInterfaceOrientationLandscapeLeft UIInterfaceOrientationLandscapeRight";
				LD_RUNPATH_SEARCH_PATHS = (
					"$(inherited)",
					"@executable_path/Frameworks",
				);
				MARKETING_VERSION = 1.0;
				PRODUCT_BUNDLE_IDENTIFIER = com.lukwan.Instagram;
				PRODUCT_NAME = "$(TARGET_NAME)";
				SWIFT_EMIT_LOC_STRINGS = YES;
				SWIFT_VERSION = 5.0;
				TARGETED_DEVICE_FAMILY = "1,2";
			};
			name = Release;
		};
/* End XCBuildConfiguration section */

/* Begin XCConfigurationList section */
		6E0C248A2879FF6A00D5DE0F /* Build configuration list for PBXProject "Instagram" */ = {
			isa = XCConfigurationList;
			buildConfigurations = (
				6E0C24A12879FF6B00D5DE0F /* Debug */,
				6E0C24A22879FF6B00D5DE0F /* Release */,
			);
			defaultConfigurationIsVisible = 0;
			defaultConfigurationName = Release;
		};
		6E0C24A32879FF6B00D5DE0F /* Build configuration list for PBXNativeTarget "Instagram" */ = {
			isa = XCConfigurationList;
			buildConfigurations = (
				6E0C24A42879FF6B00D5DE0F /* Debug */,
				6E0C24A52879FF6B00D5DE0F /* Release */,
			);
			defaultConfigurationIsVisible = 0;
			defaultConfigurationName = Release;
		};
/* End XCConfigurationList section */
	};
	rootObject = 6E0C24872879FF6A00D5DE0F /* Project object */;
}
