// !$*UTF8*$!
{
	archiveVersion = 1;
	classes = {
	};
	objectVersion = 55;
	objects = {

/* Begin PBXBuildFile section */
		6E16AD6127E8C05D0054A59A /* AnimalListItemView.swift in Sources */ = {isa = PBXBuildFile; fileRef = 6E16AD6027E8C05D0054A59A /* AnimalListItemView.swift */; };
		6E16AD6327E8C4650054A59A /* AnimalModel.swift in Sources */ = {isa = PBXBuildFile; fileRef = 6E16AD6227E8C4650054A59A /* AnimalModel.swift */; };
		6E16AD6527E8C97F0054A59A /* AnimalDetailView.swift in Sources */ = {isa = PBXBuildFile; fileRef = 6E16AD6427E8C97F0054A59A /* AnimalDetailView.swift */; };
		6E16AD6727E8CD6C0054A59A /* HeadingView.swift in Sources */ = {isa = PBXBuildFile; fileRef = 6E16AD6627E8CD6C0054A59A /* HeadingView.swift */; };
		6E16AD6927E8CE920054A59A /* InsetGalleryView.swift in Sources */ = {isa = PBXBuildFile; fileRef = 6E16AD6827E8CE920054A59A /* InsetGalleryView.swift */; };
		6E2EF06F27F77ECE00685454 /* InsetFactView.swift in Sources */ = {isa = PBXBuildFile; fileRef = 6E2EF06E27F77ECE00685454 /* InsetFactView.swift */; };
		6E2EF07127F7864E00685454 /* InsetMapView.swift in Sources */ = {isa = PBXBuildFile; fileRef = 6E2EF07027F7864E00685454 /* InsetMapView.swift */; };
		6E2EF07327F7895E00685454 /* ExternalWebLinkiew.swift in Sources */ = {isa = PBXBuildFile; fileRef = 6E2EF07227F7895E00685454 /* ExternalWebLinkiew.swift */; };
		6E2EF07527F7993700685454 /* VideoModel.swift in Sources */ = {isa = PBXBuildFile; fileRef = 6E2EF07427F7993700685454 /* VideoModel.swift */; };
		6E2EF07727F799D100685454 /* VideoListItemView.swift in Sources */ = {isa = PBXBuildFile; fileRef = 6E2EF07627F799D100685454 /* VideoListItemView.swift */; };
		6E4483BF27F84FB5004F0CED /* VideoPlayerView.swift in Sources */ = {isa = PBXBuildFile; fileRef = 6E4483BE27F84FB5004F0CED /* VideoPlayerView.swift */; };
		6E4483C227F851F7004F0CED /* VideoPlayerHelper.swift in Sources */ = {isa = PBXBuildFile; fileRef = 6E4483C127F851F7004F0CED /* VideoPlayerHelper.swift */; };
		6E4483C427F8569E004F0CED /* LocationModel.swift in Sources */ = {isa = PBXBuildFile; fileRef = 6E4483C327F8569D004F0CED /* LocationModel.swift */; };
		6E4483C627F85BCF004F0CED /* MapAnnotationView.swift in Sources */ = {isa = PBXBuildFile; fileRef = 6E4483C527F85BCF004F0CED /* MapAnnotationView.swift */; };
		6E4483C827F860EF004F0CED /* MotionAnimationView.swift in Sources */ = {isa = PBXBuildFile; fileRef = 6E4483C727F860EF004F0CED /* MotionAnimationView.swift */; };
		6E60E91B27E75BEC00A0B80D /* AfricaApp.swift in Sources */ = {isa = PBXBuildFile; fileRef = 6E60E91A27E75BEC00A0B80D /* AfricaApp.swift */; };
		6E60E91D27E75BEC00A0B80D /* ContentView.swift in Sources */ = {isa = PBXBuildFile; fileRef = 6E60E91C27E75BEC00A0B80D /* ContentView.swift */; };
		6E60E91F27E75BED00A0B80D /* Assets.xcassets in Resources */ = {isa = PBXBuildFile; fileRef = 6E60E91E27E75BED00A0B80D /* Assets.xcassets */; };
		6E60E92227E75BED00A0B80D /* Preview Assets.xcassets in Resources */ = {isa = PBXBuildFile; fileRef = 6E60E92127E75BED00A0B80D /* Preview Assets.xcassets */; };
		6E60E93327E75EDF00A0B80D /* giraffe.mp4 in Resources */ = {isa = PBXBuildFile; fileRef = 6E60E92927E75EDD00A0B80D /* giraffe.mp4 */; };
		6E60E93427E75EDF00A0B80D /* ostrich.mp4 in Resources */ = {isa = PBXBuildFile; fileRef = 6E60E92A27E75EDD00A0B80D /* ostrich.mp4 */; };
		6E60E93527E75EDF00A0B80D /* hippo.mp4 in Resources */ = {isa = PBXBuildFile; fileRef = 6E60E92B27E75EDD00A0B80D /* hippo.mp4 */; };
		6E60E93627E75EDF00A0B80D /* cheetah.mp4 in Resources */ = {isa = PBXBuildFile; fileRef = 6E60E92C27E75EDD00A0B80D /* cheetah.mp4 */; };
		6E60E93727E75EDF00A0B80D /* lion.mp4 in Resources */ = {isa = PBXBuildFile; fileRef = 6E60E92D27E75EDE00A0B80D /* lion.mp4 */; };
		6E60E93827E75EDF00A0B80D /* elephant.mp4 in Resources */ = {isa = PBXBuildFile; fileRef = 6E60E92E27E75EDE00A0B80D /* elephant.mp4 */; };
		6E60E93927E75EDF00A0B80D /* zebra.mp4 in Resources */ = {isa = PBXBuildFile; fileRef = 6E60E92F27E75EDE00A0B80D /* zebra.mp4 */; };
		6E60E93A27E75EDF00A0B80D /* lioness.mp4 in Resources */ = {isa = PBXBuildFile; fileRef = 6E60E93027E75EDE00A0B80D /* lioness.mp4 */; };
		6E60E93B27E75EDF00A0B80D /* gorilla.mp4 in Resources */ = {isa = PBXBuildFile; fileRef = 6E60E93127E75EDE00A0B80D /* gorilla.mp4 */; };
		6E60E93C27E75EDF00A0B80D /* rhino.mp4 in Resources */ = {isa = PBXBuildFile; fileRef = 6E60E93227E75EDF00A0B80D /* rhino.mp4 */; };
		6E60E94227E75F1A00A0B80D /* animals.json in Resources */ = {isa = PBXBuildFile; fileRef = 6E60E93E27E75F1A00A0B80D /* animals.json */; };
		6E60E94327E75F1A00A0B80D /* locations.json in Resources */ = {isa = PBXBuildFile; fileRef = 6E60E93F27E75F1A00A0B80D /* locations.json */; };
		6E60E94427E75F1A00A0B80D /* covers.json in Resources */ = {isa = PBXBuildFile; fileRef = 6E60E94027E75F1A00A0B80D /* covers.json */; };
		6E60E94527E75F1A00A0B80D /* videos.json in Resources */ = {isa = PBXBuildFile; fileRef = 6E60E94127E75F1A00A0B80D /* videos.json */; };
		6E60E94927E7613A00A0B80D /* VideoListView.swift in Sources */ = {isa = PBXBuildFile; fileRef = 6E60E94827E7613A00A0B80D /* VideoListView.swift */; };
		6E60E94B27E7615600A0B80D /* MapView.swift in Sources */ = {isa = PBXBuildFile; fileRef = 6E60E94A27E7615600A0B80D /* MapView.swift */; };
		6E60E94D27E7617600A0B80D /* GalleryView.swift in Sources */ = {isa = PBXBuildFile; fileRef = 6E60E94C27E7617600A0B80D /* GalleryView.swift */; };
		6E60E94F27E7619400A0B80D /* MainView.swift in Sources */ = {isa = PBXBuildFile; fileRef = 6E60E94E27E7619400A0B80D /* MainView.swift */; };
		6E60E95227E77AD800A0B80D /* CoverImageView.swift in Sources */ = {isa = PBXBuildFile; fileRef = 6E60E95127E77AD800A0B80D /* CoverImageView.swift */; };
		6E60E95527E77D9F00A0B80D /* CoverImageModel.swift in Sources */ = {isa = PBXBuildFile; fileRef = 6E60E95427E77D9F00A0B80D /* CoverImageModel.swift */; };
		6E60E95827E77EEF00A0B80D /* CodableBundleExtension.swift in Sources */ = {isa = PBXBuildFile; fileRef = 6E60E95727E77EEF00A0B80D /* CodableBundleExtension.swift */; };
/* End PBXBuildFile section */

/* Begin PBXFileReference section */
		6E16AD6027E8C05D0054A59A /* AnimalListItemView.swift */ = {isa = PBXFileReference; lastKnownFileType = sourcecode.swift; path = AnimalListItemView.swift; sourceTree = "<group>"; };
		6E16AD6227E8C4650054A59A /* AnimalModel.swift */ = {isa = PBXFileReference; lastKnownFileType = sourcecode.swift; path = AnimalModel.swift; sourceTree = "<group>"; };
		6E16AD6427E8C97F0054A59A /* AnimalDetailView.swift */ = {isa = PBXFileReference; lastKnownFileType = sourcecode.swift; path = AnimalDetailView.swift; sourceTree = "<group>"; };
		6E16AD6627E8CD6C0054A59A /* HeadingView.swift */ = {isa = PBXFileReference; lastKnownFileType = sourcecode.swift; path = HeadingView.swift; sourceTree = "<group>"; };
		6E16AD6827E8CE920054A59A /* InsetGalleryView.swift */ = {isa = PBXFileReference; lastKnownFileType = sourcecode.swift; path = InsetGalleryView.swift; sourceTree = "<group>"; };
		6E2EF06E27F77ECE00685454 /* InsetFactView.swift */ = {isa = PBXFileReference; lastKnownFileType = sourcecode.swift; path = InsetFactView.swift; sourceTree = "<group>"; };
		6E2EF07027F7864E00685454 /* InsetMapView.swift */ = {isa = PBXFileReference; lastKnownFileType = sourcecode.swift; path = InsetMapView.swift; sourceTree = "<group>"; };
		6E2EF07227F7895E00685454 /* ExternalWebLinkiew.swift */ = {isa = PBXFileReference; lastKnownFileType = sourcecode.swift; path = ExternalWebLinkiew.swift; sourceTree = "<group>"; };
		6E2EF07427F7993700685454 /* VideoModel.swift */ = {isa = PBXFileReference; lastKnownFileType = sourcecode.swift; path = VideoModel.swift; sourceTree = "<group>"; };
		6E2EF07627F799D100685454 /* VideoListItemView.swift */ = {isa = PBXFileReference; lastKnownFileType = sourcecode.swift; path = VideoListItemView.swift; sourceTree = "<group>"; };
		6E4483BE27F84FB5004F0CED /* VideoPlayerView.swift */ = {isa = PBXFileReference; lastKnownFileType = sourcecode.swift; path = VideoPlayerView.swift; sourceTree = "<group>"; };
		6E4483C127F851F7004F0CED /* VideoPlayerHelper.swift */ = {isa = PBXFileReference; lastKnownFileType = sourcecode.swift; path = VideoPlayerHelper.swift; sourceTree = "<group>"; };
		6E4483C327F8569D004F0CED /* LocationModel.swift */ = {isa = PBXFileReference; lastKnownFileType = sourcecode.swift; path = LocationModel.swift; sourceTree = "<group>"; };
		6E4483C527F85BCF004F0CED /* MapAnnotationView.swift */ = {isa = PBXFileReference; lastKnownFileType = sourcecode.swift; path = MapAnnotationView.swift; sourceTree = "<group>"; };
		6E4483C727F860EF004F0CED /* MotionAnimationView.swift */ = {isa = PBXFileReference; lastKnownFileType = sourcecode.swift; path = MotionAnimationView.swift; sourceTree = "<group>"; };
		6E60E91727E75BEC00A0B80D /* Africa.app */ = {isa = PBXFileReference; explicitFileType = wrapper.application; includeInIndex = 0; path = Africa.app; sourceTree = BUILT_PRODUCTS_DIR; };
		6E60E91A27E75BEC00A0B80D /* AfricaApp.swift */ = {isa = PBXFileReference; lastKnownFileType = sourcecode.swift; path = AfricaApp.swift; sourceTree = "<group>"; };
		6E60E91C27E75BEC00A0B80D /* ContentView.swift */ = {isa = PBXFileReference; lastKnownFileType = sourcecode.swift; path = ContentView.swift; sourceTree = "<group>"; };
		6E60E91E27E75BED00A0B80D /* Assets.xcassets */ = {isa = PBXFileReference; lastKnownFileType = folder.assetcatalog; path = Assets.xcassets; sourceTree = "<group>"; };
		6E60E92127E75BED00A0B80D /* Preview Assets.xcassets */ = {isa = PBXFileReference; lastKnownFileType = folder.assetcatalog; path = "Preview Assets.xcassets"; sourceTree = "<group>"; };
		6E60E92927E75EDD00A0B80D /* giraffe.mp4 */ = {isa = PBXFileReference; lastKnownFileType = file; path = giraffe.mp4; sourceTree = "<group>"; };
		6E60E92A27E75EDD00A0B80D /* ostrich.mp4 */ = {isa = PBXFileReference; lastKnownFileType = file; path = ostrich.mp4; sourceTree = "<group>"; };
		6E60E92B27E75EDD00A0B80D /* hippo.mp4 */ = {isa = PBXFileReference; lastKnownFileType = file; path = hippo.mp4; sourceTree = "<group>"; };
		6E60E92C27E75EDD00A0B80D /* cheetah.mp4 */ = {isa = PBXFileReference; lastKnownFileType = file; path = cheetah.mp4; sourceTree = "<group>"; };
		6E60E92D27E75EDE00A0B80D /* lion.mp4 */ = {isa = PBXFileReference; lastKnownFileType = file; path = lion.mp4; sourceTree = "<group>"; };
		6E60E92E27E75EDE00A0B80D /* elephant.mp4 */ = {isa = PBXFileReference; lastKnownFileType = file; path = elephant.mp4; sourceTree = "<group>"; };
		6E60E92F27E75EDE00A0B80D /* zebra.mp4 */ = {isa = PBXFileReference; lastKnownFileType = file; path = zebra.mp4; sourceTree = "<group>"; };
		6E60E93027E75EDE00A0B80D /* lioness.mp4 */ = {isa = PBXFileReference; lastKnownFileType = file; path = lioness.mp4; sourceTree = "<group>"; };
		6E60E93127E75EDE00A0B80D /* gorilla.mp4 */ = {isa = PBXFileReference; lastKnownFileType = file; path = gorilla.mp4; sourceTree = "<group>"; };
		6E60E93227E75EDF00A0B80D /* rhino.mp4 */ = {isa = PBXFileReference; lastKnownFileType = file; path = rhino.mp4; sourceTree = "<group>"; };
		6E60E93E27E75F1A00A0B80D /* animals.json */ = {isa = PBXFileReference; fileEncoding = 4; lastKnownFileType = text.json; path = animals.json; sourceTree = "<group>"; };
		6E60E93F27E75F1A00A0B80D /* locations.json */ = {isa = PBXFileReference; fileEncoding = 4; lastKnownFileType = text.json; path = locations.json; sourceTree = "<group>"; };
		6E60E94027E75F1A00A0B80D /* covers.json */ = {isa = PBXFileReference; fileEncoding = 4; lastKnownFileType = text.json; path = covers.json; sourceTree = "<group>"; };
		6E60E94127E75F1A00A0B80D /* videos.json */ = {isa = PBXFileReference; fileEncoding = 4; lastKnownFileType = text.json; path = videos.json; sourceTree = "<group>"; };
		6E60E94627E7601A00A0B80D /* Info.plist */ = {isa = PBXFileReference; lastKnownFileType = text.plist; path = Info.plist; sourceTree = "<group>"; };
		6E60E94827E7613A00A0B80D /* VideoListView.swift */ = {isa = PBXFileReference; lastKnownFileType = sourcecode.swift; path = VideoListView.swift; sourceTree = "<group>"; };
		6E60E94A27E7615600A0B80D /* MapView.swift */ = {isa = PBXFileReference; lastKnownFileType = sourcecode.swift; path = MapView.swift; sourceTree = "<group>"; };
		6E60E94C27E7617600A0B80D /* GalleryView.swift */ = {isa = PBXFileReference; lastKnownFileType = sourcecode.swift; path = GalleryView.swift; sourceTree = "<group>"; };
		6E60E94E27E7619400A0B80D /* MainView.swift */ = {isa = PBXFileReference; lastKnownFileType = sourcecode.swift; path = MainView.swift; sourceTree = "<group>"; };
		6E60E95127E77AD800A0B80D /* CoverImageView.swift */ = {isa = PBXFileReference; lastKnownFileType = sourcecode.swift; path = CoverImageView.swift; sourceTree = "<group>"; };
		6E60E95427E77D9F00A0B80D /* CoverImageModel.swift */ = {isa = PBXFileReference; lastKnownFileType = sourcecode.swift; path = CoverImageModel.swift; sourceTree = "<group>"; };
		6E60E95727E77EEF00A0B80D /* CodableBundleExtension.swift */ = {isa = PBXFileReference; lastKnownFileType = sourcecode.swift; path = CodableBundleExtension.swift; sourceTree = "<group>"; };
/* End PBXFileReference section */

/* Begin PBXFrameworksBuildPhase section */
		6E60E91427E75BEC00A0B80D /* Frameworks */ = {
			isa = PBXFrameworksBuildPhase;
			buildActionMask = 2147483647;
			files = (
			);
			runOnlyForDeploymentPostprocessing = 0;
		};
/* End PBXFrameworksBuildPhase section */

/* Begin PBXGroup section */
		6E4483C027F851DE004F0CED /* Helper */ = {
			isa = PBXGroup;
			children = (
				6E4483C127F851F7004F0CED /* VideoPlayerHelper.swift */,
			);
			path = Helper;
			sourceTree = "<group>";
		};
		6E60E90E27E75BEC00A0B80D = {
			isa = PBXGroup;
			children = (
				6E60E91927E75BEC00A0B80D /* Africa */,
				6E60E91827E75BEC00A0B80D /* Products */,
			);
			sourceTree = "<group>";
		};
		6E60E91827E75BEC00A0B80D /* Products */ = {
			isa = PBXGroup;
			children = (
				6E60E91727E75BEC00A0B80D /* Africa.app */,
			);
			name = Products;
			sourceTree = "<group>";
		};
		6E60E91927E75BEC00A0B80D /* Africa */ = {
			isa = PBXGroup;
			children = (
				6E4483C027F851DE004F0CED /* Helper */,
				6E60E95627E77EDB00A0B80D /* Extension */,
				6E60E95327E77D8B00A0B80D /* Model */,
				6E60E95027E77ABB00A0B80D /* View */,
				6E60E94627E7601A00A0B80D /* Info.plist */,
				6E60E93D27E75F0400A0B80D /* Data */,
				6E60E92827E75E9C00A0B80D /* Video */,
				6E60E94727E760E900A0B80D /* App */,
				6E60E91E27E75BED00A0B80D /* Assets.xcassets */,
				6E60E92027E75BED00A0B80D /* Preview Content */,
			);
			path = Africa;
			sourceTree = "<group>";
		};
		6E60E92027E75BED00A0B80D /* Preview Content */ = {
			isa = PBXGroup;
			children = (
				6E60E92127E75BED00A0B80D /* Preview Assets.xcassets */,
			);
			path = "Preview Content";
			sourceTree = "<group>";
		};
		6E60E92827E75E9C00A0B80D /* Video */ = {
			isa = PBXGroup;
			children = (
				6E60E92C27E75EDD00A0B80D /* cheetah.mp4 */,
				6E60E92E27E75EDE00A0B80D /* elephant.mp4 */,
				6E60E92927E75EDD00A0B80D /* giraffe.mp4 */,
				6E60E93127E75EDE00A0B80D /* gorilla.mp4 */,
				6E60E92B27E75EDD00A0B80D /* hippo.mp4 */,
				6E60E92D27E75EDE00A0B80D /* lion.mp4 */,
				6E60E93027E75EDE00A0B80D /* lioness.mp4 */,
				6E60E92A27E75EDD00A0B80D /* ostrich.mp4 */,
				6E60E93227E75EDF00A0B80D /* rhino.mp4 */,
				6E60E92F27E75EDE00A0B80D /* zebra.mp4 */,
			);
			path = Video;
			sourceTree = "<group>";
		};
		6E60E93D27E75F0400A0B80D /* Data */ = {
			isa = PBXGroup;
			children = (
				6E60E93E27E75F1A00A0B80D /* animals.json */,
				6E60E94027E75F1A00A0B80D /* covers.json */,
				6E60E93F27E75F1A00A0B80D /* locations.json */,
				6E60E94127E75F1A00A0B80D /* videos.json */,
			);
			path = Data;
			sourceTree = "<group>";
		};
		6E60E94727E760E900A0B80D /* App */ = {
			isa = PBXGroup;
			children = (
				6E60E91A27E75BEC00A0B80D /* AfricaApp.swift */,
				6E60E91C27E75BEC00A0B80D /* ContentView.swift */,
				6E60E94827E7613A00A0B80D /* VideoListView.swift */,
				6E60E94A27E7615600A0B80D /* MapView.swift */,
				6E60E94C27E7617600A0B80D /* GalleryView.swift */,
				6E60E94E27E7619400A0B80D /* MainView.swift */,
			);
			path = App;
			sourceTree = "<group>";
		};
		6E60E95027E77ABB00A0B80D /* View */ = {
			isa = PBXGroup;
			children = (
				6E60E95127E77AD800A0B80D /* CoverImageView.swift */,
				6E16AD6027E8C05D0054A59A /* AnimalListItemView.swift */,
				6E16AD6427E8C97F0054A59A /* AnimalDetailView.swift */,
				6E16AD6627E8CD6C0054A59A /* HeadingView.swift */,
				6E16AD6827E8CE920054A59A /* InsetGalleryView.swift */,
				6E2EF06E27F77ECE00685454 /* InsetFactView.swift */,
				6E2EF07027F7864E00685454 /* InsetMapView.swift */,
				6E2EF07227F7895E00685454 /* ExternalWebLinkiew.swift */,
				6E2EF07627F799D100685454 /* VideoListItemView.swift */,
				6E4483BE27F84FB5004F0CED /* VideoPlayerView.swift */,
				6E4483C527F85BCF004F0CED /* MapAnnotationView.swift */,
				6E4483C727F860EF004F0CED /* MotionAnimationView.swift */,
			);
			path = View;
			sourceTree = "<group>";
		};
		6E60E95327E77D8B00A0B80D /* Model */ = {
			isa = PBXGroup;
			children = (
				6E60E95427E77D9F00A0B80D /* CoverImageModel.swift */,
				6E16AD6227E8C4650054A59A /* AnimalModel.swift */,
				6E2EF07427F7993700685454 /* VideoModel.swift */,
				6E4483C327F8569D004F0CED /* LocationModel.swift */,
			);
			path = Model;
			sourceTree = "<group>";
		};
		6E60E95627E77EDB00A0B80D /* Extension */ = {
			isa = PBXGroup;
			children = (
				6E60E95727E77EEF00A0B80D /* CodableBundleExtension.swift */,
			);
			path = Extension;
			sourceTree = "<group>";
		};
/* End PBXGroup section */

/* Begin PBXNativeTarget section */
		6E60E91627E75BEC00A0B80D /* Africa */ = {
			isa = PBXNativeTarget;
			buildConfigurationList = 6E60E92527E75BED00A0B80D /* Build configuration list for PBXNativeTarget "Africa" */;
			buildPhases = (
				6E60E91327E75BEC00A0B80D /* Sources */,
				6E60E91427E75BEC00A0B80D /* Frameworks */,
				6E60E91527E75BEC00A0B80D /* Resources */,
			);
			buildRules = (
			);
			dependencies = (
			);
			name = Africa;
			productName = Africa;
			productReference = 6E60E91727E75BEC00A0B80D /* Africa.app */;
			productType = "com.apple.product-type.application";
		};
/* End PBXNativeTarget section */

/* Begin PBXProject section */
		6E60E90F27E75BEC00A0B80D /* Project object */ = {
			isa = PBXProject;
			attributes = {
				BuildIndependentTargetsInParallel = 1;
				LastSwiftUpdateCheck = 1320;
				LastUpgradeCheck = 1320;
				TargetAttributes = {
					6E60E91627E75BEC00A0B80D = {
						CreatedOnToolsVersion = 13.2.1;
					};
				};
			};
			buildConfigurationList = 6E60E91227E75BEC00A0B80D /* Build configuration list for PBXProject "Africa" */;
			compatibilityVersion = "Xcode 13.0";
			developmentRegion = en;
			hasScannedForEncodings = 0;
			knownRegions = (
				en,
				Base,
			);
			mainGroup = 6E60E90E27E75BEC00A0B80D;
			productRefGroup = 6E60E91827E75BEC00A0B80D /* Products */;
			projectDirPath = "";
			projectRoot = "";
			targets = (
				6E60E91627E75BEC00A0B80D /* Africa */,
			);
		};
/* End PBXProject section */

/* Begin PBXResourcesBuildPhase section */
		6E60E91527E75BEC00A0B80D /* Resources */ = {
			isa = PBXResourcesBuildPhase;
			buildActionMask = 2147483647;
			files = (
				6E60E94327E75F1A00A0B80D /* locations.json in Resources */,
				6E60E93C27E75EDF00A0B80D /* rhino.mp4 in Resources */,
				6E60E93527E75EDF00A0B80D /* hippo.mp4 in Resources */,
				6E60E92227E75BED00A0B80D /* Preview Assets.xcassets in Resources */,
				6E60E93727E75EDF00A0B80D /* lion.mp4 in Resources */,
				6E60E93627E75EDF00A0B80D /* cheetah.mp4 in Resources */,
				6E60E93827E75EDF00A0B80D /* elephant.mp4 in Resources */,
				6E60E91F27E75BED00A0B80D /* Assets.xcassets in Resources */,
				6E60E94227E75F1A00A0B80D /* animals.json in Resources */,
				6E60E93427E75EDF00A0B80D /* ostrich.mp4 in Resources */,
				6E60E94427E75F1A00A0B80D /* covers.json in Resources */,
				6E60E93A27E75EDF00A0B80D /* lioness.mp4 in Resources */,
				6E60E93927E75EDF00A0B80D /* zebra.mp4 in Resources */,
				6E60E94527E75F1A00A0B80D /* videos.json in Resources */,
				6E60E93327E75EDF00A0B80D /* giraffe.mp4 in Resources */,
				6E60E93B27E75EDF00A0B80D /* gorilla.mp4 in Resources */,
			);
			runOnlyForDeploymentPostprocessing = 0;
		};
/* End PBXResourcesBuildPhase section */

/* Begin PBXSourcesBuildPhase section */
		6E60E91327E75BEC00A0B80D /* Sources */ = {
			isa = PBXSourcesBuildPhase;
			buildActionMask = 2147483647;
			files = (
				6E2EF07727F799D100685454 /* VideoListItemView.swift in Sources */,
				6E60E91D27E75BEC00A0B80D /* ContentView.swift in Sources */,
				6E16AD6127E8C05D0054A59A /* AnimalListItemView.swift in Sources */,
				6E60E94F27E7619400A0B80D /* MainView.swift in Sources */,
				6E2EF06F27F77ECE00685454 /* InsetFactView.swift in Sources */,
				6E60E95227E77AD800A0B80D /* CoverImageView.swift in Sources */,
				6E60E95527E77D9F00A0B80D /* CoverImageModel.swift in Sources */,
				6E16AD6527E8C97F0054A59A /* AnimalDetailView.swift in Sources */,
				6E16AD6327E8C4650054A59A /* AnimalModel.swift in Sources */,
				6E60E94B27E7615600A0B80D /* MapView.swift in Sources */,
				6E4483C227F851F7004F0CED /* VideoPlayerHelper.swift in Sources */,
				6E2EF07127F7864E00685454 /* InsetMapView.swift in Sources */,
				6E60E91B27E75BEC00A0B80D /* AfricaApp.swift in Sources */,
				6E4483C627F85BCF004F0CED /* MapAnnotationView.swift in Sources */,
				6E60E94927E7613A00A0B80D /* VideoListView.swift in Sources */,
				6E2EF07327F7895E00685454 /* ExternalWebLinkiew.swift in Sources */,
				6E2EF07527F7993700685454 /* VideoModel.swift in Sources */,
				6E4483C427F8569E004F0CED /* LocationModel.swift in Sources */,
				6E60E94D27E7617600A0B80D /* GalleryView.swift in Sources */,
				6E16AD6927E8CE920054A59A /* InsetGalleryView.swift in Sources */,
				6E60E95827E77EEF00A0B80D /* CodableBundleExtension.swift in Sources */,
				6E4483C827F860EF004F0CED /* MotionAnimationView.swift in Sources */,
				6E16AD6727E8CD6C0054A59A /* HeadingView.swift in Sources */,
				6E4483BF27F84FB5004F0CED /* VideoPlayerView.swift in Sources */,
			);
			runOnlyForDeploymentPostprocessing = 0;
		};
/* End PBXSourcesBuildPhase section */

/* Begin XCBuildConfiguration section */
		6E60E92327E75BED00A0B80D /* Debug */ = {
			isa = XCBuildConfiguration;
			buildSettings = {
				ALWAYS_SEARCH_USER_PATHS = NO;
				CLANG_ANALYZER_NONNULL = YES;
				CLANG_ANALYZER_NUMBER_OBJECT_CONVERSION = YES_AGGRESSIVE;
				CLANG_CXX_LANGUAGE_STANDARD = "gnu++17";
				CLANG_CXX_LIBRARY = "libc++";
				CLANG_ENABLE_MODULES = YES;
				CLANG_ENABLE_OBJC_ARC = YES;
				CLANG_ENABLE_OBJC_WEAK = YES;
				CLANG_WARN_BLOCK_CAPTURE_AUTORELEASING = YES;
				CLANG_WARN_BOOL_CONVERSION = YES;
				CLANG_WARN_COMMA = YES;
				CLANG_WARN_CONSTANT_CONVERSION = YES;
				CLANG_WARN_DEPRECATED_OBJC_IMPLEMENTATIONS = YES;
				CLANG_WARN_DIRECT_OBJC_ISA_USAGE = YES_ERROR;
				CLANG_WARN_DOCUMENTATION_COMMENTS = YES;
				CLANG_WARN_EMPTY_BODY = YES;
				CLANG_WARN_ENUM_CONVERSION = YES;
				CLANG_WARN_INFINITE_RECURSION = YES;
				CLANG_WARN_INT_CONVERSION = YES;
				CLANG_WARN_NON_LITERAL_NULL_CONVERSION = YES;
				CLANG_WARN_OBJC_IMPLICIT_RETAIN_SELF = YES;
				CLANG_WARN_OBJC_LITERAL_CONVERSION = YES;
				CLANG_WARN_OBJC_ROOT_CLASS = YES_ERROR;
				CLANG_WARN_QUOTED_INCLUDE_IN_FRAMEWORK_HEADER = YES;
				CLANG_WARN_RANGE_LOOP_ANALYSIS = YES;
				CLANG_WARN_STRICT_PROTOTYPES = YES;
				CLANG_WARN_SUSPICIOUS_MOVE = YES;
				CLANG_WARN_UNGUARDED_AVAILABILITY = YES_AGGRESSIVE;
				CLANG_WARN_UNREACHABLE_CODE = YES;
				CLANG_WARN__DUPLICATE_METHOD_MATCH = YES;
				COPY_PHASE_STRIP = NO;
				DEBUG_INFORMATION_FORMAT = dwarf;
				ENABLE_STRICT_OBJC_MSGSEND = YES;
				ENABLE_TESTABILITY = YES;
				GCC_C_LANGUAGE_STANDARD = gnu11;
				GCC_DYNAMIC_NO_PIC = NO;
				GCC_NO_COMMON_BLOCKS = YES;
				GCC_OPTIMIZATION_LEVEL = 0;
				GCC_PREPROCESSOR_DEFINITIONS = (
					"DEBUG=1",
					"$(inherited)",
				);
				GCC_WARN_64_TO_32_BIT_CONVERSION = YES;
				GCC_WARN_ABOUT_RETURN_TYPE = YES_ERROR;
				GCC_WARN_UNDECLARED_SELECTOR = YES;
				GCC_WARN_UNINITIALIZED_AUTOS = YES_AGGRESSIVE;
				GCC_WARN_UNUSED_FUNCTION = YES;
				GCC_WARN_UNUSED_VARIABLE = YES;
				IPHONEOS_DEPLOYMENT_TARGET = 15.2;
				MTL_ENABLE_DEBUG_INFO = INCLUDE_SOURCE;
				MTL_FAST_MATH = YES;
				ONLY_ACTIVE_ARCH = YES;
				SDKROOT = iphoneos;
				SWIFT_ACTIVE_COMPILATION_CONDITIONS = DEBUG;
				SWIFT_OPTIMIZATION_LEVEL = "-Onone";
			};
			name = Debug;
		};
		6E60E92427E75BED00A0B80D /* Release */ = {
			isa = XCBuildConfiguration;
			buildSettings = {
				ALWAYS_SEARCH_USER_PATHS = NO;
				CLANG_ANALYZER_NONNULL = YES;
				CLANG_ANALYZER_NUMBER_OBJECT_CONVERSION = YES_AGGRESSIVE;
				CLANG_CXX_LANGUAGE_STANDARD = "gnu++17";
				CLANG_CXX_LIBRARY = "libc++";
				CLANG_ENABLE_MODULES = YES;
				CLANG_ENABLE_OBJC_ARC = YES;
				CLANG_ENABLE_OBJC_WEAK = YES;
				CLANG_WARN_BLOCK_CAPTURE_AUTORELEASING = YES;
				CLANG_WARN_BOOL_CONVERSION = YES;
				CLANG_WARN_COMMA = YES;
				CLANG_WARN_CONSTANT_CONVERSION = YES;
				CLANG_WARN_DEPRECATED_OBJC_IMPLEMENTATIONS = YES;
				CLANG_WARN_DIRECT_OBJC_ISA_USAGE = YES_ERROR;
				CLANG_WARN_DOCUMENTATION_COMMENTS = YES;
				CLANG_WARN_EMPTY_BODY = YES;
				CLANG_WARN_ENUM_CONVERSION = YES;
				CLANG_WARN_INFINITE_RECURSION = YES;
				CLANG_WARN_INT_CONVERSION = YES;
				CLANG_WARN_NON_LITERAL_NULL_CONVERSION = YES;
				CLANG_WARN_OBJC_IMPLICIT_RETAIN_SELF = YES;
				CLANG_WARN_OBJC_LITERAL_CONVERSION = YES;
				CLANG_WARN_OBJC_ROOT_CLASS = YES_ERROR;
				CLANG_WARN_QUOTED_INCLUDE_IN_FRAMEWORK_HEADER = YES;
				CLANG_WARN_RANGE_LOOP_ANALYSIS = YES;
				CLANG_WARN_STRICT_PROTOTYPES = YES;
				CLANG_WARN_SUSPICIOUS_MOVE = YES;
				CLANG_WARN_UNGUARDED_AVAILABILITY = YES_AGGRESSIVE;
				CLANG_WARN_UNREACHABLE_CODE = YES;
				CLANG_WARN__DUPLICATE_METHOD_MATCH = YES;
				COPY_PHASE_STRIP = NO;
				DEBUG_INFORMATION_FORMAT = "dwarf-with-dsym";
				ENABLE_NS_ASSERTIONS = NO;
				ENABLE_STRICT_OBJC_MSGSEND = YES;
				GCC_C_LANGUAGE_STANDARD = gnu11;
				GCC_NO_COMMON_BLOCKS = YES;
				GCC_WARN_64_TO_32_BIT_CONVERSION = YES;
				GCC_WARN_ABOUT_RETURN_TYPE = YES_ERROR;
				GCC_WARN_UNDECLARED_SELECTOR = YES;
				GCC_WARN_UNINITIALIZED_AUTOS = YES_AGGRESSIVE;
				GCC_WARN_UNUSED_FUNCTION = YES;
				GCC_WARN_UNUSED_VARIABLE = YES;
				IPHONEOS_DEPLOYMENT_TARGET = 15.2;
				MTL_ENABLE_DEBUG_INFO = NO;
				MTL_FAST_MATH = YES;
				SDKROOT = iphoneos;
				SWIFT_COMPILATION_MODE = wholemodule;
				SWIFT_OPTIMIZATION_LEVEL = "-O";
				VALIDATE_PRODUCT = YES;
			};
			name = Release;
		};
		6E60E92627E75BED00A0B80D /* Debug */ = {
			isa = XCBuildConfiguration;
			buildSettings = {
				ASSETCATALOG_COMPILER_APPICON_NAME = AppIcon;
				ASSETCATALOG_COMPILER_GLOBAL_ACCENT_COLOR_NAME = AccentColor;
				CODE_SIGN_STYLE = Automatic;
				CURRENT_PROJECT_VERSION = 1;
				DEVELOPMENT_ASSET_PATHS = "\"Africa/Preview Content\"";
				DEVELOPMENT_TEAM = A9C65F4S84;
				ENABLE_PREVIEWS = YES;
				GENERATE_INFOPLIST_FILE = YES;
				INFOPLIST_FILE = Africa/Info.plist;
				INFOPLIST_KEY_UIApplicationSceneManifest_Generation = YES;
				INFOPLIST_KEY_UIApplicationSupportsIndirectInputEvents = YES;
				INFOPLIST_KEY_UISupportedInterfaceOrientations_iPad = "UIInterfaceOrientationPortrait UIInterfaceOrientationPortraitUpsideDown UIInterfaceOrientationLandscapeLeft UIInterfaceOrientationLandscapeRight";
				INFOPLIST_KEY_UISupportedInterfaceOrientations_iPhone = "UIInterfaceOrientationPortrait UIInterfaceOrientationLandscapeLeft UIInterfaceOrientationLandscapeRight";
				INFOPLIST_KEY_UIUserInterfaceStyle = Dark;
				LD_RUNPATH_SEARCH_PATHS = (
					"$(inherited)",
					"@executable_path/Frameworks",
				);
				MARKETING_VERSION = 1.0;
				PRODUCT_BUNDLE_IDENTIFIER = com.lukwan.Africa;
				PRODUCT_NAME = "$(TARGET_NAME)";
				SWIFT_EMIT_LOC_STRINGS = YES;
				SWIFT_VERSION = 5.0;
				TARGETED_DEVICE_FAMILY = "1,2";
			};
			name = Debug;
		};
		6E60E92727E75BED00A0B80D /* Release */ = {
			isa = XCBuildConfiguration;
			buildSettings = {
				ASSETCATALOG_COMPILER_APPICON_NAME = AppIcon;
				ASSETCATALOG_COMPILER_GLOBAL_ACCENT_COLOR_NAME = AccentColor;
				CODE_SIGN_STYLE = Automatic;
				CURRENT_PROJECT_VERSION = 1;
				DEVELOPMENT_ASSET_PATHS = "\"Africa/Preview Content\"";
				DEVELOPMENT_TEAM = A9C65F4S84;
				ENABLE_PREVIEWS = YES;
				GENERATE_INFOPLIST_FILE = YES;
				INFOPLIST_FILE = Africa/Info.plist;
				INFOPLIST_KEY_UIApplicationSceneManifest_Generation = YES;
				INFOPLIST_KEY_UIApplicationSupportsIndirectInputEvents = YES;
				INFOPLIST_KEY_UISupportedInterfaceOrientations_iPad = "UIInterfaceOrientationPortrait UIInterfaceOrientationPortraitUpsideDown UIInterfaceOrientationLandscapeLeft UIInterfaceOrientationLandscapeRight";
				INFOPLIST_KEY_UISupportedInterfaceOrientations_iPhone = "UIInterfaceOrientationPortrait UIInterfaceOrientationLandscapeLeft UIInterfaceOrientationLandscapeRight";
				INFOPLIST_KEY_UIUserInterfaceStyle = Dark;
				LD_RUNPATH_SEARCH_PATHS = (
					"$(inherited)",
					"@executable_path/Frameworks",
				);
				MARKETING_VERSION = 1.0;
				PRODUCT_BUNDLE_IDENTIFIER = com.lukwan.Africa;
				PRODUCT_NAME = "$(TARGET_NAME)";
				SWIFT_EMIT_LOC_STRINGS = YES;
				SWIFT_VERSION = 5.0;
				TARGETED_DEVICE_FAMILY = "1,2";
			};
			name = Release;
		};
/* End XCBuildConfiguration section */

/* Begin XCConfigurationList section */
		6E60E91227E75BEC00A0B80D /* Build configuration list for PBXProject "Africa" */ = {
			isa = XCConfigurationList;
			buildConfigurations = (
				6E60E92327E75BED00A0B80D /* Debug */,
				6E60E92427E75BED00A0B80D /* Release */,
			);
			defaultConfigurationIsVisible = 0;
			defaultConfigurationName = Release;
		};
		6E60E92527E75BED00A0B80D /* Build configuration list for PBXNativeTarget "Africa" */ = {
			isa = XCConfigurationList;
			buildConfigurations = (
				6E60E92627E75BED00A0B80D /* Debug */,
				6E60E92727E75BED00A0B80D /* Release */,
			);
			defaultConfigurationIsVisible = 0;
			defaultConfigurationName = Release;
		};
/* End XCConfigurationList section */
	};
	rootObject = 6E60E90F27E75BEC00A0B80D /* Project object */;
}
