// !$*UTF8*$!
{
	archiveVersion = 1;
	classes = {
	};
	objectVersion = 55;
	objects = {

/* Begin PBXBuildFile section */
		6E3EBC032883E6B300A91E91 /* AppDelegate.swift in Sources */ = {isa = PBXBuildFile; fileRef = 6E3EBC022883E6B300A91E91 /* AppDelegate.swift */; };
		6E3EBC052883E6B300A91E91 /* SceneDelegate.swift in Sources */ = {isa = PBXBuildFile; fileRef = 6E3EBC042883E6B300A91E91 /* SceneDelegate.swift */; };
		6E3EBC0A2883E6B300A91E91 /* Main.storyboard in Resources */ = {isa = PBXBuildFile; fileRef = 6E3EBC082883E6B300A91E91 /* Main.storyboard */; };
		6E3EBC0C2883E6B400A91E91 /* Assets.xcassets in Resources */ = {isa = PBXBuildFile; fileRef = 6E3EBC0B2883E6B400A91E91 /* Assets.xcassets */; };
		6E3EBC0F2883E6B400A91E91 /* LaunchScreen.storyboard in Resources */ = {isa = PBXBuildFile; fileRef = 6E3EBC0D2883E6B400A91E91 /* LaunchScreen.storyboard */; };
		6E3EBC182883E97A00A91E91 /* OrdersTableViewController.swift in Sources */ = {isa = PBXBuildFile; fileRef = 6E3EBC172883E97A00A91E91 /* OrdersTableViewController.swift */; };
		6E3EBC1A2883E9AD00A91E91 /* AddOrderViewController.swift in Sources */ = {isa = PBXBuildFile; fileRef = 6E3EBC192883E9AD00A91E91 /* AddOrderViewController.swift */; };
		6E6058E628844FF600A4F1F0 /* Webservice.swift in Sources */ = {isa = PBXBuildFile; fileRef = 6E6058E528844FF600A4F1F0 /* Webservice.swift */; };
		6E6058E928845AAE00A4F1F0 /* Order.swift in Sources */ = {isa = PBXBuildFile; fileRef = 6E6058E828845AAE00A4F1F0 /* Order.swift */; };
		6E6058EC2884743000A4F1F0 /* OrderViewModel.swift in Sources */ = {isa = PBXBuildFile; fileRef = 6E6058EB2884743000A4F1F0 /* OrderViewModel.swift */; };
		6E6058EE288479AB00A4F1F0 /* AddCoffeeOrderViewModel.swift in Sources */ = {isa = PBXBuildFile; fileRef = 6E6058ED288479AB00A4F1F0 /* AddCoffeeOrderViewModel.swift */; };
/* End PBXBuildFile section */

/* Begin PBXFileReference section */
		6E3EBBFF2883E6B300A91E91 /* HotCoffee.app */ = {isa = PBXFileReference; explicitFileType = wrapper.application; includeInIndex = 0; path = HotCoffee.app; sourceTree = BUILT_PRODUCTS_DIR; };
		6E3EBC022883E6B300A91E91 /* AppDelegate.swift */ = {isa = PBXFileReference; lastKnownFileType = sourcecode.swift; path = AppDelegate.swift; sourceTree = "<group>"; };
		6E3EBC042883E6B300A91E91 /* SceneDelegate.swift */ = {isa = PBXFileReference; lastKnownFileType = sourcecode.swift; path = SceneDelegate.swift; sourceTree = "<group>"; };
		6E3EBC092883E6B300A91E91 /* Base */ = {isa = PBXFileReference; lastKnownFileType = file.storyboard; name = Base; path = Base.lproj/Main.storyboard; sourceTree = "<group>"; };
		6E3EBC0B2883E6B400A91E91 /* Assets.xcassets */ = {isa = PBXFileReference; lastKnownFileType = folder.assetcatalog; path = Assets.xcassets; sourceTree = "<group>"; };
		6E3EBC0E2883E6B400A91E91 /* Base */ = {isa = PBXFileReference; lastKnownFileType = file.storyboard; name = Base; path = Base.lproj/LaunchScreen.storyboard; sourceTree = "<group>"; };
		6E3EBC102883E6B400A91E91 /* Info.plist */ = {isa = PBXFileReference; lastKnownFileType = text.plist.xml; path = Info.plist; sourceTree = "<group>"; };
		6E3EBC172883E97A00A91E91 /* OrdersTableViewController.swift */ = {isa = PBXFileReference; lastKnownFileType = sourcecode.swift; path = OrdersTableViewController.swift; sourceTree = "<group>"; };
		6E3EBC192883E9AD00A91E91 /* AddOrderViewController.swift */ = {isa = PBXFileReference; lastKnownFileType = sourcecode.swift; path = AddOrderViewController.swift; sourceTree = "<group>"; };
		6E6058E528844FF600A4F1F0 /* Webservice.swift */ = {isa = PBXFileReference; lastKnownFileType = sourcecode.swift; path = Webservice.swift; sourceTree = "<group>"; };
		6E6058E828845AAE00A4F1F0 /* Order.swift */ = {isa = PBXFileReference; lastKnownFileType = sourcecode.swift; path = Order.swift; sourceTree = "<group>"; };
		6E6058EB2884743000A4F1F0 /* OrderViewModel.swift */ = {isa = PBXFileReference; lastKnownFileType = sourcecode.swift; path = OrderViewModel.swift; sourceTree = "<group>"; };
		6E6058ED288479AB00A4F1F0 /* AddCoffeeOrderViewModel.swift */ = {isa = PBXFileReference; lastKnownFileType = sourcecode.swift; path = AddCoffeeOrderViewModel.swift; sourceTree = "<group>"; };
/* End PBXFileReference section */

/* Begin PBXFrameworksBuildPhase section */
		6E3EBBFC2883E6B300A91E91 /* Frameworks */ = {
			isa = PBXFrameworksBuildPhase;
			buildActionMask = 2147483647;
			files = (
			);
			runOnlyForDeploymentPostprocessing = 0;
		};
/* End PBXFrameworksBuildPhase section */

/* Begin PBXGroup section */
		6E3EBBF62883E6B300A91E91 = {
			isa = PBXGroup;
			children = (
				6E3EBC012883E6B300A91E91 /* HotCoffee */,
				6E3EBC002883E6B300A91E91 /* Products */,
			);
			sourceTree = "<group>";
		};
		6E3EBC002883E6B300A91E91 /* Products */ = {
			isa = PBXGroup;
			children = (
				6E3EBBFF2883E6B300A91E91 /* HotCoffee.app */,
			);
			name = Products;
			sourceTree = "<group>";
		};
		6E3EBC012883E6B300A91E91 /* HotCoffee */ = {
			isa = PBXGroup;
			children = (
				6E6058EA2884741E00A4F1F0 /* ViewModels */,
				6E6058E728845AA300A4F1F0 /* Models */,
				6E6058E428844FE600A4F1F0 /* Services */,
				6E3EBC162883E6D800A91E91 /* Controllers */,
				6E3EBC022883E6B300A91E91 /* AppDelegate.swift */,
				6E3EBC042883E6B300A91E91 /* SceneDelegate.swift */,
				6E3EBC082883E6B300A91E91 /* Main.storyboard */,
				6E3EBC0B2883E6B400A91E91 /* Assets.xcassets */,
				6E3EBC0D2883E6B400A91E91 /* LaunchScreen.storyboard */,
				6E3EBC102883E6B400A91E91 /* Info.plist */,
			);
			path = HotCoffee;
			sourceTree = "<group>";
		};
		6E3EBC162883E6D800A91E91 /* Controllers */ = {
			isa = PBXGroup;
			children = (
				6E3EBC172883E97A00A91E91 /* OrdersTableViewController.swift */,
				6E3EBC192883E9AD00A91E91 /* AddOrderViewController.swift */,
			);
			path = Controllers;
			sourceTree = "<group>";
		};
		6E6058E428844FE600A4F1F0 /* Services */ = {
			isa = PBXGroup;
			children = (
				6E6058E528844FF600A4F1F0 /* Webservice.swift */,
			);
			path = Services;
			sourceTree = "<group>";
		};
		6E6058E728845AA300A4F1F0 /* Models */ = {
			isa = PBXGroup;
			children = (
				6E6058E828845AAE00A4F1F0 /* Order.swift */,
			);
			path = Models;
			sourceTree = "<group>";
		};
		6E6058EA2884741E00A4F1F0 /* ViewModels */ = {
			isa = PBXGroup;
			children = (
				6E6058EB2884743000A4F1F0 /* OrderViewModel.swift */,
				6E6058ED288479AB00A4F1F0 /* AddCoffeeOrderViewModel.swift */,
			);
			path = ViewModels;
			sourceTree = "<group>";
		};
/* End PBXGroup section */

/* Begin PBXNativeTarget section */
		6E3EBBFE2883E6B300A91E91 /* HotCoffee */ = {
			isa = PBXNativeTarget;
			buildConfigurationList = 6E3EBC132883E6B400A91E91 /* Build configuration list for PBXNativeTarget "HotCoffee" */;
			buildPhases = (
				6E3EBBFB2883E6B300A91E91 /* Sources */,
				6E3EBBFC2883E6B300A91E91 /* Frameworks */,
				6E3EBBFD2883E6B300A91E91 /* Resources */,
			);
			buildRules = (
			);
			dependencies = (
			);
			name = HotCoffee;
			productName = HotCoffee;
			productReference = 6E3EBBFF2883E6B300A91E91 /* HotCoffee.app */;
			productType = "com.apple.product-type.application";
		};
/* End PBXNativeTarget section */

/* Begin PBXProject section */
		6E3EBBF72883E6B300A91E91 /* Project object */ = {
			isa = PBXProject;
			attributes = {
				BuildIndependentTargetsInParallel = 1;
				LastSwiftUpdateCheck = 1340;
				LastUpgradeCheck = 1340;
				TargetAttributes = {
					6E3EBBFE2883E6B300A91E91 = {
						CreatedOnToolsVersion = 13.4.1;
					};
				};
			};
			buildConfigurationList = 6E3EBBFA2883E6B300A91E91 /* Build configuration list for PBXProject "HotCoffee" */;
			compatibilityVersion = "Xcode 13.0";
			developmentRegion = en;
			hasScannedForEncodings = 0;
			knownRegions = (
				en,
				Base,
			);
			mainGroup = 6E3EBBF62883E6B300A91E91;
			productRefGroup = 6E3EBC002883E6B300A91E91 /* Products */;
			projectDirPath = "";
			projectRoot = "";
			targets = (
				6E3EBBFE2883E6B300A91E91 /* HotCoffee */,
			);
		};
/* End PBXProject section */

/* Begin PBXResourcesBuildPhase section */
		6E3EBBFD2883E6B300A91E91 /* Resources */ = {
			isa = PBXResourcesBuildPhase;
			buildActionMask = 2147483647;
			files = (
				6E3EBC0F2883E6B400A91E91 /* LaunchScreen.storyboard in Resources */,
				6E3EBC0C2883E6B400A91E91 /* Assets.xcassets in Resources */,
				6E3EBC0A2883E6B300A91E91 /* Main.storyboard in Resources */,
			);
			runOnlyForDeploymentPostprocessing = 0;
		};
/* End PBXResourcesBuildPhase section */

/* Begin PBXSourcesBuildPhase section */
		6E3EBBFB2883E6B300A91E91 /* Sources */ = {
			isa = PBXSourcesBuildPhase;
			buildActionMask = 2147483647;
			files = (
				6E6058E928845AAE00A4F1F0 /* Order.swift in Sources */,
				6E6058EE288479AB00A4F1F0 /* AddCoffeeOrderViewModel.swift in Sources */,
				6E3EBC032883E6B300A91E91 /* AppDelegate.swift in Sources */,
				6E3EBC052883E6B300A91E91 /* SceneDelegate.swift in Sources */,
				6E3EBC182883E97A00A91E91 /* OrdersTableViewController.swift in Sources */,
				6E6058E628844FF600A4F1F0 /* Webservice.swift in Sources */,
				6E6058EC2884743000A4F1F0 /* OrderViewModel.swift in Sources */,
				6E3EBC1A2883E9AD00A91E91 /* AddOrderViewController.swift in Sources */,
			);
			runOnlyForDeploymentPostprocessing = 0;
		};
/* End PBXSourcesBuildPhase section */

/* Begin PBXVariantGroup section */
		6E3EBC082883E6B300A91E91 /* Main.storyboard */ = {
			isa = PBXVariantGroup;
			children = (
				6E3EBC092883E6B300A91E91 /* Base */,
			);
			name = Main.storyboard;
			sourceTree = "<group>";
		};
		6E3EBC0D2883E6B400A91E91 /* LaunchScreen.storyboard */ = {
			isa = PBXVariantGroup;
			children = (
				6E3EBC0E2883E6B400A91E91 /* Base */,
			);
			name = LaunchScreen.storyboard;
			sourceTree = "<group>";
		};
/* End PBXVariantGroup section */

/* Begin XCBuildConfiguration section */
		6E3EBC112883E6B400A91E91 /* Debug */ = {
			isa = XCBuildConfiguration;
			buildSettings = {
				ALWAYS_SEARCH_USER_PATHS = NO;
				CLANG_ANALYZER_NONNULL = YES;
				CLANG_ANALYZER_NUMBER_OBJECT_CONVERSION = YES_AGGRESSIVE;
				CLANG_CXX_LANGUAGE_STANDARD = "gnu++17";
				CLANG_ENABLE_MODULES = YES;
				CLANG_ENABLE_OBJC_ARC = YES;
				CLANG_ENABLE_OBJC_WEAK = YES;
				CLANG_WARN_BLOCK_CAPTURE_AUTORELEASING = YES;
				CLANG_WARN_BOOL_CONVERSION = YES;
				CLANG_WARN_COMMA = YES;
				CLANG_WARN_CONSTANT_CONVERSION = YES;
				CLANG_WARN_DEPRECATED_OBJC_IMPLEMENTATIONS = YES;
				CLANG_WARN_DIRECT_OBJC_ISA_USAGE = YES_ERROR;
				CLANG_WARN_DOCUMENTATION_COMMENTS = YES;
				CLANG_WARN_EMPTY_BODY = YES;
				CLANG_WARN_ENUM_CONVERSION = YES;
				CLANG_WARN_INFINITE_RECURSION = YES;
				CLANG_WARN_INT_CONVERSION = YES;
				CLANG_WARN_NON_LITERAL_NULL_CONVERSION = YES;
				CLANG_WARN_OBJC_IMPLICIT_RETAIN_SELF = YES;
				CLANG_WARN_OBJC_LITERAL_CONVERSION = YES;
				CLANG_WARN_OBJC_ROOT_CLASS = YES_ERROR;
				CLANG_WARN_QUOTED_INCLUDE_IN_FRAMEWORK_HEADER = YES;
				CLANG_WARN_RANGE_LOOP_ANALYSIS = YES;
				CLANG_WARN_STRICT_PROTOTYPES = YES;
				CLANG_WARN_SUSPICIOUS_MOVE = YES;
				CLANG_WARN_UNGUARDED_AVAILABILITY = YES_AGGRESSIVE;
				CLANG_WARN_UNREACHABLE_CODE = YES;
				CLANG_WARN__DUPLICATE_METHOD_MATCH = YES;
				COPY_PHASE_STRIP = NO;
				DEBUG_INFORMATION_FORMAT = dwarf;
				ENABLE_STRICT_OBJC_MSGSEND = YES;
				ENABLE_TESTABILITY = YES;
				GCC_C_LANGUAGE_STANDARD = gnu11;
				GCC_DYNAMIC_NO_PIC = NO;
				GCC_NO_COMMON_BLOCKS = YES;
				GCC_OPTIMIZATION_LEVEL = 0;
				GCC_PREPROCESSOR_DEFINITIONS = (
					"DEBUG=1",
					"$(inherited)",
				);
				GCC_WARN_64_TO_32_BIT_CONVERSION = YES;
				GCC_WARN_ABOUT_RETURN_TYPE = YES_ERROR;
				GCC_WARN_UNDECLARED_SELECTOR = YES;
				GCC_WARN_UNINITIALIZED_AUTOS = YES_AGGRESSIVE;
				GCC_WARN_UNUSED_FUNCTION = YES;
				GCC_WARN_UNUSED_VARIABLE = YES;
				IPHONEOS_DEPLOYMENT_TARGET = 15.5;
				MTL_ENABLE_DEBUG_INFO = INCLUDE_SOURCE;
				MTL_FAST_MATH = YES;
				ONLY_ACTIVE_ARCH = YES;
				SDKROOT = iphoneos;
				SWIFT_ACTIVE_COMPILATION_CONDITIONS = DEBUG;
				SWIFT_OPTIMIZATION_LEVEL = "-Onone";
			};
			name = Debug;
		};
		6E3EBC122883E6B400A91E91 /* Release */ = {
			isa = XCBuildConfiguration;
			buildSettings = {
				ALWAYS_SEARCH_USER_PATHS = NO;
				CLANG_ANALYZER_NONNULL = YES;
				CLANG_ANALYZER_NUMBER_OBJECT_CONVERSION = YES_AGGRESSIVE;
				CLANG_CXX_LANGUAGE_STANDARD = "gnu++17";
				CLANG_ENABLE_MODULES = YES;
				CLANG_ENABLE_OBJC_ARC = YES;
				CLANG_ENABLE_OBJC_WEAK = YES;
				CLANG_WARN_BLOCK_CAPTURE_AUTORELEASING = YES;
				CLANG_WARN_BOOL_CONVERSION = YES;
				CLANG_WARN_COMMA = YES;
				CLANG_WARN_CONSTANT_CONVERSION = YES;
				CLANG_WARN_DEPRECATED_OBJC_IMPLEMENTATIONS = YES;
				CLANG_WARN_DIRECT_OBJC_ISA_USAGE = YES_ERROR;
				CLANG_WARN_DOCUMENTATION_COMMENTS = YES;
				CLANG_WARN_EMPTY_BODY = YES;
				CLANG_WARN_ENUM_CONVERSION = YES;
				CLANG_WARN_INFINITE_RECURSION = YES;
				CLANG_WARN_INT_CONVERSION = YES;
				CLANG_WARN_NON_LITERAL_NULL_CONVERSION = YES;
				CLANG_WARN_OBJC_IMPLICIT_RETAIN_SELF = YES;
				CLANG_WARN_OBJC_LITERAL_CONVERSION = YES;
				CLANG_WARN_OBJC_ROOT_CLASS = YES_ERROR;
				CLANG_WARN_QUOTED_INCLUDE_IN_FRAMEWORK_HEADER = YES;
				CLANG_WARN_RANGE_LOOP_ANALYSIS = YES;
				CLANG_WARN_STRICT_PROTOTYPES = YES;
				CLANG_WARN_SUSPICIOUS_MOVE = YES;
				CLANG_WARN_UNGUARDED_AVAILABILITY = YES_AGGRESSIVE;
				CLANG_WARN_UNREACHABLE_CODE = YES;
				CLANG_WARN__DUPLICATE_METHOD_MATCH = YES;
				COPY_PHASE_STRIP = NO;
				DEBUG_INFORMATION_FORMAT = "dwarf-with-dsym";
				ENABLE_NS_ASSERTIONS = NO;
				ENABLE_STRICT_OBJC_MSGSEND = YES;
				GCC_C_LANGUAGE_STANDARD = gnu11;
				GCC_NO_COMMON_BLOCKS = YES;
				GCC_WARN_64_TO_32_BIT_CONVERSION = YES;
				GCC_WARN_ABOUT_RETURN_TYPE = YES_ERROR;
				GCC_WARN_UNDECLARED_SELECTOR = YES;
				GCC_WARN_UNINITIALIZED_AUTOS = YES_AGGRESSIVE;
				GCC_WARN_UNUSED_FUNCTION = YES;
				GCC_WARN_UNUSED_VARIABLE = YES;
				IPHONEOS_DEPLOYMENT_TARGET = 15.5;
				MTL_ENABLE_DEBUG_INFO = NO;
				MTL_FAST_MATH = YES;
				SDKROOT = iphoneos;
				SWIFT_COMPILATION_MODE = wholemodule;
				SWIFT_OPTIMIZATION_LEVEL = "-O";
				VALIDATE_PRODUCT = YES;
			};
			name = Release;
		};
		6E3EBC142883E6B400A91E91 /* Debug */ = {
			isa = XCBuildConfiguration;
			buildSettings = {
				ASSETCATALOG_COMPILER_APPICON_NAME = AppIcon;
				ASSETCATALOG_COMPILER_GLOBAL_ACCENT_COLOR_NAME = AccentColor;
				CODE_SIGN_STYLE = Automatic;
				CURRENT_PROJECT_VERSION = 1;
				DEVELOPMENT_TEAM = A9C65F4S84;
				GENERATE_INFOPLIST_FILE = YES;
				INFOPLIST_FILE = HotCoffee/Info.plist;
				INFOPLIST_KEY_UIApplicationSupportsIndirectInputEvents = YES;
				INFOPLIST_KEY_UILaunchStoryboardName = LaunchScreen;
				INFOPLIST_KEY_UIMainStoryboardFile = Main;
				INFOPLIST_KEY_UISupportedInterfaceOrientations_iPad = "UIInterfaceOrientationPortrait UIInterfaceOrientationPortraitUpsideDown UIInterfaceOrientationLandscapeLeft UIInterfaceOrientationLandscapeRight";
				INFOPLIST_KEY_UISupportedInterfaceOrientations_iPhone = "UIInterfaceOrientationPortrait UIInterfaceOrientationLandscapeLeft UIInterfaceOrientationLandscapeRight";
				LD_RUNPATH_SEARCH_PATHS = (
					"$(inherited)",
					"@executable_path/Frameworks",
				);
				MARKETING_VERSION = 1.0;
				PRODUCT_BUNDLE_IDENTIFIER = com.lukwan.HotCoffee;
				PRODUCT_NAME = "$(TARGET_NAME)";
				SWIFT_EMIT_LOC_STRINGS = YES;
				SWIFT_VERSION = 5.0;
				TARGETED_DEVICE_FAMILY = "1,2";
			};
			name = Debug;
		};
		6E3EBC152883E6B400A91E91 /* Release */ = {
			isa = XCBuildConfiguration;
			buildSettings = {
				ASSETCATALOG_COMPILER_APPICON_NAME = AppIcon;
				ASSETCATALOG_COMPILER_GLOBAL_ACCENT_COLOR_NAME = AccentColor;
				CODE_SIGN_STYLE = Automatic;
				CURRENT_PROJECT_VERSION = 1;
				DEVELOPMENT_TEAM = A9C65F4S84;
				GENERATE_INFOPLIST_FILE = YES;
				INFOPLIST_FILE = HotCoffee/Info.plist;
				INFOPLIST_KEY_UIApplicationSupportsIndirectInputEvents = YES;
				INFOPLIST_KEY_UILaunchStoryboardName = LaunchScreen;
				INFOPLIST_KEY_UIMainStoryboardFile = Main;
				INFOPLIST_KEY_UISupportedInterfaceOrientations_iPad = "UIInterfaceOrientationPortrait UIInterfaceOrientationPortraitUpsideDown UIInterfaceOrientationLandscapeLeft UIInterfaceOrientationLandscapeRight";
				INFOPLIST_KEY_UISupportedInterfaceOrientations_iPhone = "UIInterfaceOrientationPortrait UIInterfaceOrientationLandscapeLeft UIInterfaceOrientationLandscapeRight";
				LD_RUNPATH_SEARCH_PATHS = (
					"$(inherited)",
					"@executable_path/Frameworks",
				);
				MARKETING_VERSION = 1.0;
				PRODUCT_BUNDLE_IDENTIFIER = com.lukwan.HotCoffee;
				PRODUCT_NAME = "$(TARGET_NAME)";
				SWIFT_EMIT_LOC_STRINGS = YES;
				SWIFT_VERSION = 5.0;
				TARGETED_DEVICE_FAMILY = "1,2";
			};
			name = Release;
		};
/* End XCBuildConfiguration section */

/* Begin XCConfigurationList section */
		6E3EBBFA2883E6B300A91E91 /* Build configuration list for PBXProject "HotCoffee" */ = {
			isa = XCConfigurationList;
			buildConfigurations = (
				6E3EBC112883E6B400A91E91 /* Debug */,
				6E3EBC122883E6B400A91E91 /* Release */,
			);
			defaultConfigurationIsVisible = 0;
			defaultConfigurationName = Release;
		};
		6E3EBC132883E6B400A91E91 /* Build configuration list for PBXNativeTarget "HotCoffee" */ = {
			isa = XCConfigurationList;
			buildConfigurations = (
				6E3EBC142883E6B400A91E91 /* Debug */,
				6E3EBC152883E6B400A91E91 /* Release */,
			);
			defaultConfigurationIsVisible = 0;
			defaultConfigurationName = Release;
		};
/* End XCConfigurationList section */
	};
	rootObject = 6E3EBBF72883E6B300A91E91 /* Project object */;
}
