// !$*UTF8*$!
{
	archiveVersion = 1;
	classes = {
	};
	objectVersion = 55;
	objects = {

/* Begin PBXBuildFile section */
		6E10182828834D9700261A90 /* AppDelegate.swift in Sources */ = {isa = PBXBuildFile; fileRef = 6E10182728834D9700261A90 /* AppDelegate.swift */; };
		6E10182A28834D9700261A90 /* SceneDelegate.swift in Sources */ = {isa = PBXBuildFile; fileRef = 6E10182928834D9700261A90 /* SceneDelegate.swift */; };
		6E10182F28834D9700261A90 /* Main.storyboard in Resources */ = {isa = PBXBuildFile; fileRef = 6E10182D28834D9700261A90 /* Main.storyboard */; };
		6E10183128834D9800261A90 /* Assets.xcassets in Resources */ = {isa = PBXBuildFile; fileRef = 6E10183028834D9800261A90 /* Assets.xcassets */; };
		6E10183428834D9800261A90 /* LaunchScreen.storyboard in Resources */ = {isa = PBXBuildFile; fileRef = 6E10183228834D9800261A90 /* LaunchScreen.storyboard */; };
		6E10183D28834E0900261A90 /* NewsListTableViewController.swift in Sources */ = {isa = PBXBuildFile; fileRef = 6E10183C28834E0900261A90 /* NewsListTableViewController.swift */; };
		6E1018402883524400261A90 /* Webservices.swift in Sources */ = {isa = PBXBuildFile; fileRef = 6E10183F2883524400261A90 /* Webservices.swift */; };
		6E1018432883550F00261A90 /* Article.swift in Sources */ = {isa = PBXBuildFile; fileRef = 6E1018422883550F00261A90 /* Article.swift */; };
		6E10184628835FA300261A90 /* ArticleViewModel.swift in Sources */ = {isa = PBXBuildFile; fileRef = 6E10184528835FA300261A90 /* ArticleViewModel.swift */; };
		6E1018492883629600261A90 /* ArticleTableViewCell.swift in Sources */ = {isa = PBXBuildFile; fileRef = 6E1018482883629600261A90 /* ArticleTableViewCell.swift */; };
/* End PBXBuildFile section */

/* Begin PBXFileReference section */
		6E10182428834D9700261A90 /* Good News.app */ = {isa = PBXFileReference; explicitFileType = wrapper.application; includeInIndex = 0; path = "Good News.app"; sourceTree = BUILT_PRODUCTS_DIR; };
		6E10182728834D9700261A90 /* AppDelegate.swift */ = {isa = PBXFileReference; lastKnownFileType = sourcecode.swift; path = AppDelegate.swift; sourceTree = "<group>"; };
		6E10182928834D9700261A90 /* SceneDelegate.swift */ = {isa = PBXFileReference; lastKnownFileType = sourcecode.swift; path = SceneDelegate.swift; sourceTree = "<group>"; };
		6E10182E28834D9700261A90 /* Base */ = {isa = PBXFileReference; lastKnownFileType = file.storyboard; name = Base; path = Base.lproj/Main.storyboard; sourceTree = "<group>"; };
		6E10183028834D9800261A90 /* Assets.xcassets */ = {isa = PBXFileReference; lastKnownFileType = folder.assetcatalog; path = Assets.xcassets; sourceTree = "<group>"; };
		6E10183328834D9800261A90 /* Base */ = {isa = PBXFileReference; lastKnownFileType = file.storyboard; name = Base; path = Base.lproj/LaunchScreen.storyboard; sourceTree = "<group>"; };
		6E10183528834D9800261A90 /* Info.plist */ = {isa = PBXFileReference; lastKnownFileType = text.plist.xml; path = Info.plist; sourceTree = "<group>"; };
		6E10183C28834E0900261A90 /* NewsListTableViewController.swift */ = {isa = PBXFileReference; lastKnownFileType = sourcecode.swift; path = NewsListTableViewController.swift; sourceTree = "<group>"; };
		6E10183F2883524400261A90 /* Webservices.swift */ = {isa = PBXFileReference; lastKnownFileType = sourcecode.swift; path = Webservices.swift; sourceTree = "<group>"; };
		6E1018422883550F00261A90 /* Article.swift */ = {isa = PBXFileReference; lastKnownFileType = sourcecode.swift; path = Article.swift; sourceTree = "<group>"; };
		6E10184528835FA300261A90 /* ArticleViewModel.swift */ = {isa = PBXFileReference; lastKnownFileType = sourcecode.swift; path = ArticleViewModel.swift; sourceTree = "<group>"; };
		6E1018482883629600261A90 /* ArticleTableViewCell.swift */ = {isa = PBXFileReference; lastKnownFileType = sourcecode.swift; path = ArticleTableViewCell.swift; sourceTree = "<group>"; };
/* End PBXFileReference section */

/* Begin PBXFrameworksBuildPhase section */
		6E10182128834D9700261A90 /* Frameworks */ = {
			isa = PBXFrameworksBuildPhase;
			buildActionMask = 2147483647;
			files = (
			);
			runOnlyForDeploymentPostprocessing = 0;
		};
/* End PBXFrameworksBuildPhase section */

/* Begin PBXGroup section */
		6E10181B28834D9700261A90 = {
			isa = PBXGroup;
			children = (
				6E10182628834D9700261A90 /* Good News */,
				6E10182528834D9700261A90 /* Products */,
			);
			sourceTree = "<group>";
		};
		6E10182528834D9700261A90 /* Products */ = {
			isa = PBXGroup;
			children = (
				6E10182428834D9700261A90 /* Good News.app */,
			);
			name = Products;
			sourceTree = "<group>";
		};
		6E10182628834D9700261A90 /* Good News */ = {
			isa = PBXGroup;
			children = (
				6E1018472883627E00261A90 /* Cells */,
				6E10184428835F8100261A90 /* ViewModels */,
				6E1018412883550200261A90 /* Models */,
				6E10183E2883522E00261A90 /* Services */,
				6E10183B28834DEE00261A90 /* Controllers */,
				6E10182728834D9700261A90 /* AppDelegate.swift */,
				6E10182928834D9700261A90 /* SceneDelegate.swift */,
				6E10182D28834D9700261A90 /* Main.storyboard */,
				6E10183028834D9800261A90 /* Assets.xcassets */,
				6E10183228834D9800261A90 /* LaunchScreen.storyboard */,
				6E10183528834D9800261A90 /* Info.plist */,
			);
			path = "Good News";
			sourceTree = "<group>";
		};
		6E10183B28834DEE00261A90 /* Controllers */ = {
			isa = PBXGroup;
			children = (
				6E10183C28834E0900261A90 /* NewsListTableViewController.swift */,
			);
			path = Controllers;
			sourceTree = "<group>";
		};
		6E10183E2883522E00261A90 /* Services */ = {
			isa = PBXGroup;
			children = (
				6E10183F2883524400261A90 /* Webservices.swift */,
			);
			path = Services;
			sourceTree = "<group>";
		};
		6E1018412883550200261A90 /* Models */ = {
			isa = PBXGroup;
			children = (
				6E1018422883550F00261A90 /* Article.swift */,
			);
			path = Models;
			sourceTree = "<group>";
		};
		6E10184428835F8100261A90 /* ViewModels */ = {
			isa = PBXGroup;
			children = (
				6E10184528835FA300261A90 /* ArticleViewModel.swift */,
			);
			path = ViewModels;
			sourceTree = "<group>";
		};
		6E1018472883627E00261A90 /* Cells */ = {
			isa = PBXGroup;
			children = (
				6E1018482883629600261A90 /* ArticleTableViewCell.swift */,
			);
			path = Cells;
			sourceTree = "<group>";
		};
/* End PBXGroup section */

/* Begin PBXNativeTarget section */
		6E10182328834D9700261A90 /* Good News */ = {
			isa = PBXNativeTarget;
			buildConfigurationList = 6E10183828834D9800261A90 /* Build configuration list for PBXNativeTarget "Good News" */;
			buildPhases = (
				6E10182028834D9700261A90 /* Sources */,
				6E10182128834D9700261A90 /* Frameworks */,
				6E10182228834D9700261A90 /* Resources */,
			);
			buildRules = (
			);
			dependencies = (
			);
			name = "Good News";
			productName = "Good News";
			productReference = 6E10182428834D9700261A90 /* Good News.app */;
			productType = "com.apple.product-type.application";
		};
/* End PBXNativeTarget section */

/* Begin PBXProject section */
		6E10181C28834D9700261A90 /* Project object */ = {
			isa = PBXProject;
			attributes = {
				BuildIndependentTargetsInParallel = 1;
				LastSwiftUpdateCheck = 1340;
				LastUpgradeCheck = 1340;
				TargetAttributes = {
					6E10182328834D9700261A90 = {
						CreatedOnToolsVersion = 13.4.1;
					};
				};
			};
			buildConfigurationList = 6E10181F28834D9700261A90 /* Build configuration list for PBXProject "Good News" */;
			compatibilityVersion = "Xcode 13.0";
			developmentRegion = en;
			hasScannedForEncodings = 0;
			knownRegions = (
				en,
				Base,
			);
			mainGroup = 6E10181B28834D9700261A90;
			productRefGroup = 6E10182528834D9700261A90 /* Products */;
			projectDirPath = "";
			projectRoot = "";
			targets = (
				6E10182328834D9700261A90 /* Good News */,
			);
		};
/* End PBXProject section */

/* Begin PBXResourcesBuildPhase section */
		6E10182228834D9700261A90 /* Resources */ = {
			isa = PBXResourcesBuildPhase;
			buildActionMask = 2147483647;
			files = (
				6E10183428834D9800261A90 /* LaunchScreen.storyboard in Resources */,
				6E10183128834D9800261A90 /* Assets.xcassets in Resources */,
				6E10182F28834D9700261A90 /* Main.storyboard in Resources */,
			);
			runOnlyForDeploymentPostprocessing = 0;
		};
/* End PBXResourcesBuildPhase section */

/* Begin PBXSourcesBuildPhase section */
		6E10182028834D9700261A90 /* Sources */ = {
			isa = PBXSourcesBuildPhase;
			buildActionMask = 2147483647;
			files = (
				6E10182828834D9700261A90 /* AppDelegate.swift in Sources */,
				6E10183D28834E0900261A90 /* NewsListTableViewController.swift in Sources */,
				6E1018402883524400261A90 /* Webservices.swift in Sources */,
				6E10184628835FA300261A90 /* ArticleViewModel.swift in Sources */,
				6E10182A28834D9700261A90 /* SceneDelegate.swift in Sources */,
				6E1018492883629600261A90 /* ArticleTableViewCell.swift in Sources */,
				6E1018432883550F00261A90 /* Article.swift in Sources */,
			);
			runOnlyForDeploymentPostprocessing = 0;
		};
/* End PBXSourcesBuildPhase section */

/* Begin PBXVariantGroup section */
		6E10182D28834D9700261A90 /* Main.storyboard */ = {
			isa = PBXVariantGroup;
			children = (
				6E10182E28834D9700261A90 /* Base */,
			);
			name = Main.storyboard;
			sourceTree = "<group>";
		};
		6E10183228834D9800261A90 /* LaunchScreen.storyboard */ = {
			isa = PBXVariantGroup;
			children = (
				6E10183328834D9800261A90 /* Base */,
			);
			name = LaunchScreen.storyboard;
			sourceTree = "<group>";
		};
/* End PBXVariantGroup section */

/* Begin XCBuildConfiguration section */
		6E10183628834D9800261A90 /* Debug */ = {
			isa = XCBuildConfiguration;
			buildSettings = {
				ALWAYS_SEARCH_USER_PATHS = NO;
				CLANG_ANALYZER_NONNULL = YES;
				CLANG_ANALYZER_NUMBER_OBJECT_CONVERSION = YES_AGGRESSIVE;
				CLANG_CXX_LANGUAGE_STANDARD = "gnu++17";
				CLANG_ENABLE_MODULES = YES;
				CLANG_ENABLE_OBJC_ARC = YES;
				CLANG_ENABLE_OBJC_WEAK = YES;
				CLANG_WARN_BLOCK_CAPTURE_AUTORELEASING = YES;
				CLANG_WARN_BOOL_CONVERSION = YES;
				CLANG_WARN_COMMA = YES;
				CLANG_WARN_CONSTANT_CONVERSION = YES;
				CLANG_WARN_DEPRECATED_OBJC_IMPLEMENTATIONS = YES;
				CLANG_WARN_DIRECT_OBJC_ISA_USAGE = YES_ERROR;
				CLANG_WARN_DOCUMENTATION_COMMENTS = YES;
				CLANG_WARN_EMPTY_BODY = YES;
				CLANG_WARN_ENUM_CONVERSION = YES;
				CLANG_WARN_INFINITE_RECURSION = YES;
				CLANG_WARN_INT_CONVERSION = YES;
				CLANG_WARN_NON_LITERAL_NULL_CONVERSION = YES;
				CLANG_WARN_OBJC_IMPLICIT_RETAIN_SELF = YES;
				CLANG_WARN_OBJC_LITERAL_CONVERSION = YES;
				CLANG_WARN_OBJC_ROOT_CLASS = YES_ERROR;
				CLANG_WARN_QUOTED_INCLUDE_IN_FRAMEWORK_HEADER = YES;
				CLANG_WARN_RANGE_LOOP_ANALYSIS = YES;
				CLANG_WARN_STRICT_PROTOTYPES = YES;
				CLANG_WARN_SUSPICIOUS_MOVE = YES;
				CLANG_WARN_UNGUARDED_AVAILABILITY = YES_AGGRESSIVE;
				CLANG_WARN_UNREACHABLE_CODE = YES;
				CLANG_WARN__DUPLICATE_METHOD_MATCH = YES;
				COPY_PHASE_STRIP = NO;
				DEBUG_INFORMATION_FORMAT = dwarf;
				ENABLE_STRICT_OBJC_MSGSEND = YES;
				ENABLE_TESTABILITY = YES;
				GCC_C_LANGUAGE_STANDARD = gnu11;
				GCC_DYNAMIC_NO_PIC = NO;
				GCC_NO_COMMON_BLOCKS = YES;
				GCC_OPTIMIZATION_LEVEL = 0;
				GCC_PREPROCESSOR_DEFINITIONS = (
					"DEBUG=1",
					"$(inherited)",
				);
				GCC_WARN_64_TO_32_BIT_CONVERSION = YES;
				GCC_WARN_ABOUT_RETURN_TYPE = YES_ERROR;
				GCC_WARN_UNDECLARED_SELECTOR = YES;
				GCC_WARN_UNINITIALIZED_AUTOS = YES_AGGRESSIVE;
				GCC_WARN_UNUSED_FUNCTION = YES;
				GCC_WARN_UNUSED_VARIABLE = YES;
				IPHONEOS_DEPLOYMENT_TARGET = 15.5;
				MTL_ENABLE_DEBUG_INFO = INCLUDE_SOURCE;
				MTL_FAST_MATH = YES;
				ONLY_ACTIVE_ARCH = YES;
				SDKROOT = iphoneos;
				SWIFT_ACTIVE_COMPILATION_CONDITIONS = DEBUG;
				SWIFT_OPTIMIZATION_LEVEL = "-Onone";
			};
			name = Debug;
		};
		6E10183728834D9800261A90 /* Release */ = {
			isa = XCBuildConfiguration;
			buildSettings = {
				ALWAYS_SEARCH_USER_PATHS = NO;
				CLANG_ANALYZER_NONNULL = YES;
				CLANG_ANALYZER_NUMBER_OBJECT_CONVERSION = YES_AGGRESSIVE;
				CLANG_CXX_LANGUAGE_STANDARD = "gnu++17";
				CLANG_ENABLE_MODULES = YES;
				CLANG_ENABLE_OBJC_ARC = YES;
				CLANG_ENABLE_OBJC_WEAK = YES;
				CLANG_WARN_BLOCK_CAPTURE_AUTORELEASING = YES;
				CLANG_WARN_BOOL_CONVERSION = YES;
				CLANG_WARN_COMMA = YES;
				CLANG_WARN_CONSTANT_CONVERSION = YES;
				CLANG_WARN_DEPRECATED_OBJC_IMPLEMENTATIONS = YES;
				CLANG_WARN_DIRECT_OBJC_ISA_USAGE = YES_ERROR;
				CLANG_WARN_DOCUMENTATION_COMMENTS = YES;
				CLANG_WARN_EMPTY_BODY = YES;
				CLANG_WARN_ENUM_CONVERSION = YES;
				CLANG_WARN_INFINITE_RECURSION = YES;
				CLANG_WARN_INT_CONVERSION = YES;
				CLANG_WARN_NON_LITERAL_NULL_CONVERSION = YES;
				CLANG_WARN_OBJC_IMPLICIT_RETAIN_SELF = YES;
				CLANG_WARN_OBJC_LITERAL_CONVERSION = YES;
				CLANG_WARN_OBJC_ROOT_CLASS = YES_ERROR;
				CLANG_WARN_QUOTED_INCLUDE_IN_FRAMEWORK_HEADER = YES;
				CLANG_WARN_RANGE_LOOP_ANALYSIS = YES;
				CLANG_WARN_STRICT_PROTOTYPES = YES;
				CLANG_WARN_SUSPICIOUS_MOVE = YES;
				CLANG_WARN_UNGUARDED_AVAILABILITY = YES_AGGRESSIVE;
				CLANG_WARN_UNREACHABLE_CODE = YES;
				CLANG_WARN__DUPLICATE_METHOD_MATCH = YES;
				COPY_PHASE_STRIP = NO;
				DEBUG_INFORMATION_FORMAT = "dwarf-with-dsym";
				ENABLE_NS_ASSERTIONS = NO;
				ENABLE_STRICT_OBJC_MSGSEND = YES;
				GCC_C_LANGUAGE_STANDARD = gnu11;
				GCC_NO_COMMON_BLOCKS = YES;
				GCC_WARN_64_TO_32_BIT_CONVERSION = YES;
				GCC_WARN_ABOUT_RETURN_TYPE = YES_ERROR;
				GCC_WARN_UNDECLARED_SELECTOR = YES;
				GCC_WARN_UNINITIALIZED_AUTOS = YES_AGGRESSIVE;
				GCC_WARN_UNUSED_FUNCTION = YES;
				GCC_WARN_UNUSED_VARIABLE = YES;
				IPHONEOS_DEPLOYMENT_TARGET = 15.5;
				MTL_ENABLE_DEBUG_INFO = NO;
				MTL_FAST_MATH = YES;
				SDKROOT = iphoneos;
				SWIFT_COMPILATION_MODE = wholemodule;
				SWIFT_OPTIMIZATION_LEVEL = "-O";
				VALIDATE_PRODUCT = YES;
			};
			name = Release;
		};
		6E10183928834D9800261A90 /* Debug */ = {
			isa = XCBuildConfiguration;
			buildSettings = {
				ASSETCATALOG_COMPILER_APPICON_NAME = AppIcon;
				ASSETCATALOG_COMPILER_GLOBAL_ACCENT_COLOR_NAME = AccentColor;
				CODE_SIGN_STYLE = Automatic;
				CURRENT_PROJECT_VERSION = 1;
				DEVELOPMENT_TEAM = A9C65F4S84;
				GENERATE_INFOPLIST_FILE = YES;
				INFOPLIST_FILE = "Good News/Info.plist";
				INFOPLIST_KEY_UIApplicationSupportsIndirectInputEvents = YES;
				INFOPLIST_KEY_UILaunchStoryboardName = LaunchScreen;
				INFOPLIST_KEY_UIMainStoryboardFile = Main;
				INFOPLIST_KEY_UISupportedInterfaceOrientations_iPad = "UIInterfaceOrientationPortrait UIInterfaceOrientationPortraitUpsideDown UIInterfaceOrientationLandscapeLeft UIInterfaceOrientationLandscapeRight";
				INFOPLIST_KEY_UISupportedInterfaceOrientations_iPhone = "UIInterfaceOrientationPortrait UIInterfaceOrientationLandscapeLeft UIInterfaceOrientationLandscapeRight";
				LD_RUNPATH_SEARCH_PATHS = (
					"$(inherited)",
					"@executable_path/Frameworks",
				);
				MARKETING_VERSION = 1.0;
				PRODUCT_BUNDLE_IDENTIFIER = "com.lukwan.Good-News";
				PRODUCT_NAME = "$(TARGET_NAME)";
				SWIFT_EMIT_LOC_STRINGS = YES;
				SWIFT_VERSION = 5.0;
				TARGETED_DEVICE_FAMILY = "1,2";
			};
			name = Debug;
		};
		6E10183A28834D9800261A90 /* Release */ = {
			isa = XCBuildConfiguration;
			buildSettings = {
				ASSETCATALOG_COMPILER_APPICON_NAME = AppIcon;
				ASSETCATALOG_COMPILER_GLOBAL_ACCENT_COLOR_NAME = AccentColor;
				CODE_SIGN_STYLE = Automatic;
				CURRENT_PROJECT_VERSION = 1;
				DEVELOPMENT_TEAM = A9C65F4S84;
				GENERATE_INFOPLIST_FILE = YES;
				INFOPLIST_FILE = "Good News/Info.plist";
				INFOPLIST_KEY_UIApplicationSupportsIndirectInputEvents = YES;
				INFOPLIST_KEY_UILaunchStoryboardName = LaunchScreen;
				INFOPLIST_KEY_UIMainStoryboardFile = Main;
				INFOPLIST_KEY_UISupportedInterfaceOrientations_iPad = "UIInterfaceOrientationPortrait UIInterfaceOrientationPortraitUpsideDown UIInterfaceOrientationLandscapeLeft UIInterfaceOrientationLandscapeRight";
				INFOPLIST_KEY_UISupportedInterfaceOrientations_iPhone = "UIInterfaceOrientationPortrait UIInterfaceOrientationLandscapeLeft UIInterfaceOrientationLandscapeRight";
				LD_RUNPATH_SEARCH_PATHS = (
					"$(inherited)",
					"@executable_path/Frameworks",
				);
				MARKETING_VERSION = 1.0;
				PRODUCT_BUNDLE_IDENTIFIER = "com.lukwan.Good-News";
				PRODUCT_NAME = "$(TARGET_NAME)";
				SWIFT_EMIT_LOC_STRINGS = YES;
				SWIFT_VERSION = 5.0;
				TARGETED_DEVICE_FAMILY = "1,2";
			};
			name = Release;
		};
/* End XCBuildConfiguration section */

/* Begin XCConfigurationList section */
		6E10181F28834D9700261A90 /* Build configuration list for PBXProject "Good News" */ = {
			isa = XCConfigurationList;
			buildConfigurations = (
				6E10183628834D9800261A90 /* Debug */,
				6E10183728834D9800261A90 /* Release */,
			);
			defaultConfigurationIsVisible = 0;
			defaultConfigurationName = Release;
		};
		6E10183828834D9800261A90 /* Build configuration list for PBXNativeTarget "Good News" */ = {
			isa = XCConfigurationList;
			buildConfigurations = (
				6E10183928834D9800261A90 /* Debug */,
				6E10183A28834D9800261A90 /* Release */,
			);
			defaultConfigurationIsVisible = 0;
			defaultConfigurationName = Release;
		};
/* End XCConfigurationList section */
	};
	rootObject = 6E10181C28834D9700261A90 /* Project object */;
}
